// !$*UTF8*$!
{
	archiveVersion = 1;
	classes = {
	};
	objectVersion = 46;
	objects = {

/* Begin PBXBuildFile section */
		05195BA21CEBA2F1002941B0 /* Capabilities.swift in Sources */ = {isa = PBXBuildFile; fileRef = 0527444F1CCAB06200E821CE /* Capabilities.swift */; };
		05195BA31CEBA2F1002941B0 /* Timing.swift in Sources */ = {isa = PBXBuildFile; fileRef = 052745041CCE734E00E821CE /* Timing.swift */; };
		05195BA41CEBA2F1002941B0 /* entry+utils.swift in Sources */ = {isa = PBXBuildFile; fileRef = 054FE8791CCF4630009923F4 /* entry+utils.swift */; };
		05195BA51CEBA2F1002941B0 /* bgfx+native.swift in Sources */ = {isa = PBXBuildFile; fileRef = 0527444D1CCAB06200E821CE /* bgfx+native.swift */; };
		05195BA61CEBA2F1002941B0 /* io.swift in Sources */ = {isa = PBXBuildFile; fileRef = 054FE86F1CCF1BA1009923F4 /* io.swift */; };
		05195BA71CEBA2F1002941B0 /* TransientVertexBuffer.swift in Sources */ = {isa = PBXBuildFile; fileRef = 052744C71CCAE01600E821CE /* TransientVertexBuffer.swift */; };
		05195BA81CEBA2F1002941B0 /* Program.swift in Sources */ = {isa = PBXBuildFile; fileRef = 0527447C1CCAB84D00E821CE /* Program.swift */; };
		05195BA91CEBA2F1002941B0 /* entry.swift in Sources */ = {isa = PBXBuildFile; fileRef = 055B3D3A1CC6B4DC005B38C5 /* entry.swift */; };
		05195BAA1CEBA2F1002941B0 /* InstanceDataBuffer.swift in Sources */ = {isa = PBXBuildFile; fileRef = 052744791CCAB6F400E821CE /* InstanceDataBuffer.swift */; };
		05195BAB1CEBA2F1002941B0 /* StencilFlags.swift in Sources */ = {isa = PBXBuildFile; fileRef = 052744D01CCD61E700E821CE /* StencilFlags.swift */; };
		05195BAC1CEBA2F1002941B0 /* FrameBuffer.swift in Sources */ = {isa = PBXBuildFile; fileRef = 052744521CCAB06200E821CE /* FrameBuffer.swift */; };
		05195BAD1CEBA2F1002941B0 /* bgfx.swift in Sources */ = {isa = PBXBuildFile; fileRef = 052744CA1CCAE28A00E821CE /* bgfx.swift */; };
		05195BAE1CEBA2F1002941B0 /* queue.swift in Sources */ = {isa = PBXBuildFile; fileRef = 055B3D721CC70E8F005B38C5 /* queue.swift */; };
		05195BAF1CEBA2F1002941B0 /* event.swift in Sources */ = {isa = PBXBuildFile; fileRef = 055B3D741CC73EE5005B38C5 /* event.swift */; };
		05195BB01CEBA2F1002941B0 /* IndexBuffer.swift in Sources */ = {isa = PBXBuildFile; fileRef = 052744531CCAB06200E821CE /* IndexBuffer.swift */; };
		05195BB11CEBA2F1002941B0 /* OcclusionQuery.swift in Sources */ = {isa = PBXBuildFile; fileRef = 052744731CCAB47400E821CE /* OcclusionQuery.swift */; };
		05195BB21CEBA2F1002941B0 /* Shader.swift in Sources */ = {isa = PBXBuildFile; fileRef = 052744821CCABAB900E821CE /* Shader.swift */; };
		05195BB31CEBA2F1002941B0 /* Uniform.swift in Sources */ = {isa = PBXBuildFile; fileRef = 052744851CCABACC00E821CE /* Uniform.swift */; };
		05195BB41CEBA2F1002941B0 /* DynamicIndexBuffer.swift in Sources */ = {isa = PBXBuildFile; fileRef = 052744501CCAB06200E821CE /* DynamicIndexBuffer.swift */; };
		05195BB51CEBA2F1002941B0 /* TransientIndexBuffer.swift in Sources */ = {isa = PBXBuildFile; fileRef = 052744C41CCAD44500E821CE /* TransientIndexBuffer.swift */; };
		05195BB61CEBA2F1002941B0 /* File.swift in Sources */ = {isa = PBXBuildFile; fileRef = 054FE8751CCF1D87009923F4 /* File.swift */; };
		05195BB71CEBA2F1002941B0 /* VertexBuffer.swift in Sources */ = {isa = PBXBuildFile; fileRef = 052744571CCAB06200E821CE /* VertexBuffer.swift */; };
		05195BB81CEBA2F1002941B0 /* Texture.swift in Sources */ = {isa = PBXBuildFile; fileRef = 052744561CCAB06200E821CE /* Texture.swift */; };
		05195BB91CEBA2F1002941B0 /* entry+osx.swift in Sources */ = {isa = PBXBuildFile; fileRef = 055B3D3C1CC6B670005B38C5 /* entry+osx.swift */; };
		05195BBA1CEBA2F1002941B0 /* bgfx+types.swift in Sources */ = {isa = PBXBuildFile; fileRef = 0527444E1CCAB06200E821CE /* bgfx+types.swift */; };
		05195BBB1CEBA2F1002941B0 /* IndirectBuffer.swift in Sources */ = {isa = PBXBuildFile; fileRef = 052744541CCAB06200E821CE /* IndirectBuffer.swift */; };
		05195BBC1CEBA2F1002941B0 /* Callbacks.swift in Sources */ = {isa = PBXBuildFile; fileRef = 052744CD1CCBCF2E00E821CE /* Callbacks.swift */; };
		05195BBD1CEBA2F1002941B0 /* RenderState.swift in Sources */ = {isa = PBXBuildFile; fileRef = 0527447F1CCAB89900E821CE /* RenderState.swift */; };
		05195BBE1CEBA2F1002941B0 /* Texture+Create.swift in Sources */ = {isa = PBXBuildFile; fileRef = 05EAF86F1CE79ECF002DFF6E /* Texture+Create.swift */; };
		05195BBF1CEBA2F1002941B0 /* DynamicVertexBuffer.swift in Sources */ = {isa = PBXBuildFile; fileRef = 052744761CCAB5E600E821CE /* DynamicVertexBuffer.swift */; };
		05195BC01CEBA2F1002941B0 /* enums.swift in Sources */ = {isa = PBXBuildFile; fileRef = 052744511CCAB06200E821CE /* enums.swift */; };
		05195BC21CEBA2F1002941B0 /* VertexLayout.swift in Sources */ = {isa = PBXBuildFile; fileRef = 052744581CCAB06200E821CE /* VertexLayout.swift */; };
		05195BC31CEBA2F1002941B0 /* input.swift in Sources */ = {isa = PBXBuildFile; fileRef = 055B3D761CC7CBCF005B38C5 /* input.swift */; };
		05195BC41CEBA2F1002941B0 /* MemoryBlock.swift in Sources */ = {isa = PBXBuildFile; fileRef = 052744551CCAB06200E821CE /* MemoryBlock.swift */; };
		05195BC61CEBA2F1002941B0 /* QuartzCore.framework in Frameworks */ = {isa = PBXBuildFile; fileRef = 058076BE1CC2D09300C43477 /* QuartzCore.framework */; };
		05195BC71CEBA2F1002941B0 /* Cocoa.framework in Frameworks */ = {isa = PBXBuildFile; fileRef = 058076B81CC2D01200C43477 /* Cocoa.framework */; };
		05195BC81CEBA2F1002941B0 /* OpenGL.framework in Frameworks */ = {isa = PBXBuildFile; fileRef = 058076B61CC2D00400C43477 /* OpenGL.framework */; };
		05195BCA1CEBA2F1002941B0 /* Metal.framework in Frameworks */ = {isa = PBXBuildFile; fileRef = 058076B41CC2CFF100C43477 /* Metal.framework */; };
		05195BD01CEBA309002941B0 /* main.swift in Sources */ = {isa = PBXBuildFile; fileRef = 05195B9F1CEBA260002941B0 /* main.swift */; };
		052744E11CCD66BC00E821CE /* entry.swift in Sources */ = {isa = PBXBuildFile; fileRef = 055B3D3A1CC6B4DC005B38C5 /* entry.swift */; };
		052744E81CCD66BC00E821CE /* queue.swift in Sources */ = {isa = PBXBuildFile; fileRef = 055B3D721CC70E8F005B38C5 /* queue.swift */; };
		052744E91CCD66BC00E821CE /* event.swift in Sources */ = {isa = PBXBuildFile; fileRef = 055B3D741CC73EE5005B38C5 /* event.swift */; };
		052744F11CCD66BC00E821CE /* entry+osx.swift in Sources */ = {isa = PBXBuildFile; fileRef = 055B3D3C1CC6B670005B38C5 /* entry+osx.swift */; };
		052744F31CCD66BC00E821CE /* input.swift in Sources */ = {isa = PBXBuildFile; fileRef = 055B3D761CC7CBCF005B38C5 /* input.swift */; };
		052744F81CCD66BC00E821CE /* QuartzCore.framework in Frameworks */ = {isa = PBXBuildFile; fileRef = 058076BE1CC2D09300C43477 /* QuartzCore.framework */; };
		052744FA1CCD66BC00E821CE /* Cocoa.framework in Frameworks */ = {isa = PBXBuildFile; fileRef = 058076B81CC2D01200C43477 /* Cocoa.framework */; };
		052744FB1CCD66BC00E821CE /* OpenGL.framework in Frameworks */ = {isa = PBXBuildFile; fileRef = 058076B61CC2D00400C43477 /* OpenGL.framework */; };
		052744FC1CCD66BC00E821CE /* Metal.framework in Frameworks */ = {isa = PBXBuildFile; fileRef = 058076B41CC2CFF100C43477 /* Metal.framework */; };
		052745031CCD66E700E821CE /* main.swift in Sources */ = {isa = PBXBuildFile; fileRef = 052745021CCD66E700E821CE /* main.swift */; };
		052951591D1EF4AA0041DA32 /* Vector2+simd.swift in Sources */ = {isa = PBXBuildFile; fileRef = 052951581D1EF4AA0041DA32 /* Vector2+simd.swift */; };
		0529515A1D1EF4AA0041DA32 /* Vector2+simd.swift in Sources */ = {isa = PBXBuildFile; fileRef = 052951581D1EF4AA0041DA32 /* Vector2+simd.swift */; };
		0529515B1D1EF4AA0041DA32 /* Vector2+simd.swift in Sources */ = {isa = PBXBuildFile; fileRef = 052951581D1EF4AA0041DA32 /* Vector2+simd.swift */; };
		0529515C1D1EF4AA0041DA32 /* Vector2+simd.swift in Sources */ = {isa = PBXBuildFile; fileRef = 052951581D1EF4AA0041DA32 /* Vector2+simd.swift */; };
		0529515E1D1EFCC20041DA32 /* bgfx+math.swift in Sources */ = {isa = PBXBuildFile; fileRef = 0529515D1D1EFCC20041DA32 /* bgfx+math.swift */; };
		0529515F1D1EFCC20041DA32 /* bgfx+math.swift in Sources */ = {isa = PBXBuildFile; fileRef = 0529515D1D1EFCC20041DA32 /* bgfx+math.swift */; };
		052951601D1EFCC20041DA32 /* bgfx+math.swift in Sources */ = {isa = PBXBuildFile; fileRef = 0529515D1D1EFCC20041DA32 /* bgfx+math.swift */; };
		052951611D1EFCC20041DA32 /* bgfx+math.swift in Sources */ = {isa = PBXBuildFile; fileRef = 0529515D1D1EFCC20041DA32 /* bgfx+math.swift */; };
		053D63FD1D1F1F5A00259AB3 /* Matrix4x4+simd.swift in Sources */ = {isa = PBXBuildFile; fileRef = 053D63FC1D1F1F5A00259AB3 /* Matrix4x4+simd.swift */; };
		053D63FE1D1F1F5A00259AB3 /* Matrix4x4+simd.swift in Sources */ = {isa = PBXBuildFile; fileRef = 053D63FC1D1F1F5A00259AB3 /* Matrix4x4+simd.swift */; };
		053D63FF1D1F1F5A00259AB3 /* Matrix4x4+simd.swift in Sources */ = {isa = PBXBuildFile; fileRef = 053D63FC1D1F1F5A00259AB3 /* Matrix4x4+simd.swift */; };
		053D64001D1F1F5A00259AB3 /* Matrix4x4+simd.swift in Sources */ = {isa = PBXBuildFile; fileRef = 053D63FC1D1F1F5A00259AB3 /* Matrix4x4+simd.swift */; };
		053D64021D1F200D00259AB3 /* Vector4+simd.swift in Sources */ = {isa = PBXBuildFile; fileRef = 053D64011D1F200D00259AB3 /* Vector4+simd.swift */; };
		053D64031D1F200D00259AB3 /* Vector4+simd.swift in Sources */ = {isa = PBXBuildFile; fileRef = 053D64011D1F200D00259AB3 /* Vector4+simd.swift */; };
		053D64041D1F200D00259AB3 /* Vector4+simd.swift in Sources */ = {isa = PBXBuildFile; fileRef = 053D64011D1F200D00259AB3 /* Vector4+simd.swift */; };
		053D64051D1F200D00259AB3 /* Vector4+simd.swift in Sources */ = {isa = PBXBuildFile; fileRef = 053D64011D1F200D00259AB3 /* Vector4+simd.swift */; };
		053D64071D1F37EB00259AB3 /* Vector3+simd.swift in Sources */ = {isa = PBXBuildFile; fileRef = 053D64061D1F37EB00259AB3 /* Vector3+simd.swift */; };
		053D64081D1F37EB00259AB3 /* Vector3+simd.swift in Sources */ = {isa = PBXBuildFile; fileRef = 053D64061D1F37EB00259AB3 /* Vector3+simd.swift */; };
		053D64091D1F37EB00259AB3 /* Vector3+simd.swift in Sources */ = {isa = PBXBuildFile; fileRef = 053D64061D1F37EB00259AB3 /* Vector3+simd.swift */; };
		053D640A1D1F37EB00259AB3 /* Vector3+simd.swift in Sources */ = {isa = PBXBuildFile; fileRef = 053D64061D1F37EB00259AB3 /* Vector3+simd.swift */; };
		054FE8701CCF1BA1009923F4 /* io.swift in Sources */ = {isa = PBXBuildFile; fileRef = 054FE86F1CCF1BA1009923F4 /* io.swift */; };
		054FE8761CCF1D87009923F4 /* File.swift in Sources */ = {isa = PBXBuildFile; fileRef = 054FE8751CCF1D87009923F4 /* File.swift */; };
		054FE8771CCF3DC8009923F4 /* File.swift in Sources */ = {isa = PBXBuildFile; fileRef = 054FE8751CCF1D87009923F4 /* File.swift */; };
		054FE8781CCF3DCF009923F4 /* io.swift in Sources */ = {isa = PBXBuildFile; fileRef = 054FE86F1CCF1BA1009923F4 /* io.swift */; };
		054FE87A1CCF4630009923F4 /* entry+utils.swift in Sources */ = {isa = PBXBuildFile; fileRef = 054FE8791CCF4630009923F4 /* entry+utils.swift */; };
		054FE87B1CCF46B5009923F4 /* entry+utils.swift in Sources */ = {isa = PBXBuildFile; fileRef = 054FE8791CCF4630009923F4 /* entry+utils.swift */; };
		055B3D431CC6B77B005B38C5 /* entry.swift in Sources */ = {isa = PBXBuildFile; fileRef = 055B3D3A1CC6B4DC005B38C5 /* entry.swift */; };
		055B3D481CC6B77B005B38C5 /* entry+osx.swift in Sources */ = {isa = PBXBuildFile; fileRef = 055B3D3C1CC6B670005B38C5 /* entry+osx.swift */; };
		055B3D4B1CC6B77B005B38C5 /* QuartzCore.framework in Frameworks */ = {isa = PBXBuildFile; fileRef = 058076BE1CC2D09300C43477 /* QuartzCore.framework */; };
		055B3D4D1CC6B77B005B38C5 /* Cocoa.framework in Frameworks */ = {isa = PBXBuildFile; fileRef = 058076B81CC2D01200C43477 /* Cocoa.framework */; };
		055B3D4E1CC6B77B005B38C5 /* OpenGL.framework in Frameworks */ = {isa = PBXBuildFile; fileRef = 058076B61CC2D00400C43477 /* OpenGL.framework */; };
		055B3D4F1CC6B77B005B38C5 /* Metal.framework in Frameworks */ = {isa = PBXBuildFile; fileRef = 058076B41CC2CFF100C43477 /* Metal.framework */; };
		055B3D551CC6B78C005B38C5 /* main.swift in Sources */ = {isa = PBXBuildFile; fileRef = 055B3D3F1CC6B716005B38C5 /* main.swift */; };
		055B3D5A1CC70135005B38C5 /* logo.swift in Sources */ = {isa = PBXBuildFile; fileRef = 055B3D591CC70135005B38C5 /* logo.swift */; };
		055B3D731CC70E8F005B38C5 /* queue.swift in Sources */ = {isa = PBXBuildFile; fileRef = 055B3D721CC70E8F005B38C5 /* queue.swift */; };
		055B3D751CC73EE5005B38C5 /* event.swift in Sources */ = {isa = PBXBuildFile; fileRef = 055B3D741CC73EE5005B38C5 /* event.swift */; };
		055B3D771CC7CBCF005B38C5 /* input.swift in Sources */ = {isa = PBXBuildFile; fileRef = 055B3D761CC7CBCF005B38C5 /* input.swift */; };
		05B1B6731CD881E300401D8C /* bgfx+types.swift in Sources */ = {isa = PBXBuildFile; fileRef = 0527444E1CCAB06200E821CE /* bgfx+types.swift */; };
		05B1B6741CD881E300401D8C /* bgfx.swift in Sources */ = {isa = PBXBuildFile; fileRef = 052744CA1CCAE28A00E821CE /* bgfx.swift */; };
		05B1B6751CD881E300401D8C /* bgfx+native.swift in Sources */ = {isa = PBXBuildFile; fileRef = 0527444D1CCAB06200E821CE /* bgfx+native.swift */; };
		05B1B6761CD881E300401D8C /* Callbacks.swift in Sources */ = {isa = PBXBuildFile; fileRef = 052744CD1CCBCF2E00E821CE /* Callbacks.swift */; };
		05B1B6771CD881E300401D8C /* Capabilities.swift in Sources */ = {isa = PBXBuildFile; fileRef = 0527444F1CCAB06200E821CE /* Capabilities.swift */; };
		05B1B6781CD881E300401D8C /* DynamicIndexBuffer.swift in Sources */ = {isa = PBXBuildFile; fileRef = 052744501CCAB06200E821CE /* DynamicIndexBuffer.swift */; };
		05B1B6791CD881E300401D8C /* DynamicVertexBuffer.swift in Sources */ = {isa = PBXBuildFile; fileRef = 052744761CCAB5E600E821CE /* DynamicVertexBuffer.swift */; };
		05B1B67A1CD881E300401D8C /* enums.swift in Sources */ = {isa = PBXBuildFile; fileRef = 052744511CCAB06200E821CE /* enums.swift */; };
		05B1B67B1CD881E300401D8C /* FrameBuffer.swift in Sources */ = {isa = PBXBuildFile; fileRef = 052744521CCAB06200E821CE /* FrameBuffer.swift */; };
		05B1B67C1CD881E300401D8C /* IndexBuffer.swift in Sources */ = {isa = PBXBuildFile; fileRef = 052744531CCAB06200E821CE /* IndexBuffer.swift */; };
		05B1B67D1CD881E300401D8C /* IndirectBuffer.swift in Sources */ = {isa = PBXBuildFile; fileRef = 052744541CCAB06200E821CE /* IndirectBuffer.swift */; };
		05B1B67E1CD881E300401D8C /* InstanceDataBuffer.swift in Sources */ = {isa = PBXBuildFile; fileRef = 052744791CCAB6F400E821CE /* InstanceDataBuffer.swift */; };
		05B1B67F1CD881E300401D8C /* MemoryBlock.swift in Sources */ = {isa = PBXBuildFile; fileRef = 052744551CCAB06200E821CE /* MemoryBlock.swift */; };
		05B1B6801CD881E300401D8C /* OcclusionQuery.swift in Sources */ = {isa = PBXBuildFile; fileRef = 052744731CCAB47400E821CE /* OcclusionQuery.swift */; };
		05B1B6811CD881E300401D8C /* Program.swift in Sources */ = {isa = PBXBuildFile; fileRef = 0527447C1CCAB84D00E821CE /* Program.swift */; };
		05B1B6821CD881E300401D8C /* RenderState.swift in Sources */ = {isa = PBXBuildFile; fileRef = 0527447F1CCAB89900E821CE /* RenderState.swift */; };
		05B1B6831CD881E300401D8C /* Shader.swift in Sources */ = {isa = PBXBuildFile; fileRef = 052744821CCABAB900E821CE /* Shader.swift */; };
		05B1B6841CD881E300401D8C /* StencilFlags.swift in Sources */ = {isa = PBXBuildFile; fileRef = 052744D01CCD61E700E821CE /* StencilFlags.swift */; };
		05B1B6851CD881E300401D8C /* Texture.swift in Sources */ = {isa = PBXBuildFile; fileRef = 052744561CCAB06200E821CE /* Texture.swift */; };
		05B1B6861CD881E300401D8C /* Timing.swift in Sources */ = {isa = PBXBuildFile; fileRef = 052745041CCE734E00E821CE /* Timing.swift */; };
		05B1B6871CD881E300401D8C /* TransientIndexBuffer.swift in Sources */ = {isa = PBXBuildFile; fileRef = 052744C41CCAD44500E821CE /* TransientIndexBuffer.swift */; };
		05B1B6881CD881E300401D8C /* TransientVertexBuffer.swift in Sources */ = {isa = PBXBuildFile; fileRef = 052744C71CCAE01600E821CE /* TransientVertexBuffer.swift */; };
		05B1B6891CD881E300401D8C /* Uniform.swift in Sources */ = {isa = PBXBuildFile; fileRef = 052744851CCABACC00E821CE /* Uniform.swift */; };
		05B1B68B1CD881E300401D8C /* VertexBuffer.swift in Sources */ = {isa = PBXBuildFile; fileRef = 052744571CCAB06200E821CE /* VertexBuffer.swift */; };
		05B1B68C1CD881E300401D8C /* VertexLayout.swift in Sources */ = {isa = PBXBuildFile; fileRef = 052744581CCAB06200E821CE /* VertexLayout.swift */; };
		05B1B68D1CD884AA00401D8C /* bgfx+types.swift in Sources */ = {isa = PBXBuildFile; fileRef = 0527444E1CCAB06200E821CE /* bgfx+types.swift */; };
		05B1B68E1CD884AA00401D8C /* bgfx.swift in Sources */ = {isa = PBXBuildFile; fileRef = 052744CA1CCAE28A00E821CE /* bgfx.swift */; };
		05B1B68F1CD884AA00401D8C /* bgfx+native.swift in Sources */ = {isa = PBXBuildFile; fileRef = 0527444D1CCAB06200E821CE /* bgfx+native.swift */; };
		05B1B6901CD884AA00401D8C /* Callbacks.swift in Sources */ = {isa = PBXBuildFile; fileRef = 052744CD1CCBCF2E00E821CE /* Callbacks.swift */; };
		05B1B6911CD884AA00401D8C /* Capabilities.swift in Sources */ = {isa = PBXBuildFile; fileRef = 0527444F1CCAB06200E821CE /* Capabilities.swift */; };
		05B1B6921CD884AA00401D8C /* DynamicIndexBuffer.swift in Sources */ = {isa = PBXBuildFile; fileRef = 052744501CCAB06200E821CE /* DynamicIndexBuffer.swift */; };
		05B1B6931CD884AA00401D8C /* DynamicVertexBuffer.swift in Sources */ = {isa = PBXBuildFile; fileRef = 052744761CCAB5E600E821CE /* DynamicVertexBuffer.swift */; };
		05B1B6941CD884AA00401D8C /* enums.swift in Sources */ = {isa = PBXBuildFile; fileRef = 052744511CCAB06200E821CE /* enums.swift */; };
		05B1B6951CD884AA00401D8C /* FrameBuffer.swift in Sources */ = {isa = PBXBuildFile; fileRef = 052744521CCAB06200E821CE /* FrameBuffer.swift */; };
		05B1B6961CD884AA00401D8C /* IndexBuffer.swift in Sources */ = {isa = PBXBuildFile; fileRef = 052744531CCAB06200E821CE /* IndexBuffer.swift */; };
		05B1B6971CD884AA00401D8C /* IndirectBuffer.swift in Sources */ = {isa = PBXBuildFile; fileRef = 052744541CCAB06200E821CE /* IndirectBuffer.swift */; };
		05B1B6981CD884AA00401D8C /* InstanceDataBuffer.swift in Sources */ = {isa = PBXBuildFile; fileRef = 052744791CCAB6F400E821CE /* InstanceDataBuffer.swift */; };
		05B1B6991CD884AA00401D8C /* MemoryBlock.swift in Sources */ = {isa = PBXBuildFile; fileRef = 052744551CCAB06200E821CE /* MemoryBlock.swift */; };
		05B1B69A1CD884AA00401D8C /* OcclusionQuery.swift in Sources */ = {isa = PBXBuildFile; fileRef = 052744731CCAB47400E821CE /* OcclusionQuery.swift */; };
		05B1B69B1CD884AA00401D8C /* Program.swift in Sources */ = {isa = PBXBuildFile; fileRef = 0527447C1CCAB84D00E821CE /* Program.swift */; };
		05B1B69C1CD884AA00401D8C /* RenderState.swift in Sources */ = {isa = PBXBuildFile; fileRef = 0527447F1CCAB89900E821CE /* RenderState.swift */; };
		05B1B69D1CD884AA00401D8C /* Shader.swift in Sources */ = {isa = PBXBuildFile; fileRef = 052744821CCABAB900E821CE /* Shader.swift */; };
		05B1B69E1CD884AA00401D8C /* StencilFlags.swift in Sources */ = {isa = PBXBuildFile; fileRef = 052744D01CCD61E700E821CE /* StencilFlags.swift */; };
		05B1B69F1CD884AA00401D8C /* Texture.swift in Sources */ = {isa = PBXBuildFile; fileRef = 052744561CCAB06200E821CE /* Texture.swift */; };
		05B1B6A01CD884AA00401D8C /* Timing.swift in Sources */ = {isa = PBXBuildFile; fileRef = 052745041CCE734E00E821CE /* Timing.swift */; };
		05B1B6A11CD884AA00401D8C /* TransientIndexBuffer.swift in Sources */ = {isa = PBXBuildFile; fileRef = 052744C41CCAD44500E821CE /* TransientIndexBuffer.swift */; };
		05B1B6A21CD884AA00401D8C /* TransientVertexBuffer.swift in Sources */ = {isa = PBXBuildFile; fileRef = 052744C71CCAE01600E821CE /* TransientVertexBuffer.swift */; };
		05B1B6A31CD884AA00401D8C /* Uniform.swift in Sources */ = {isa = PBXBuildFile; fileRef = 052744851CCABACC00E821CE /* Uniform.swift */; };
		05B1B6A51CD884AA00401D8C /* VertexBuffer.swift in Sources */ = {isa = PBXBuildFile; fileRef = 052744571CCAB06200E821CE /* VertexBuffer.swift */; };
		05B1B6A61CD884AA00401D8C /* VertexLayout.swift in Sources */ = {isa = PBXBuildFile; fileRef = 052744581CCAB06200E821CE /* VertexLayout.swift */; };
		05EAF8701CE79ECF002DFF6E /* Texture+Create.swift in Sources */ = {isa = PBXBuildFile; fileRef = 05EAF86F1CE79ECF002DFF6E /* Texture+Create.swift */; };
		05EAF8711CE79ECF002DFF6E /* Texture+Create.swift in Sources */ = {isa = PBXBuildFile; fileRef = 05EAF86F1CE79ECF002DFF6E /* Texture+Create.swift */; };
		05EAF87B1CE81C52002DFF6E /* Capabilities.swift in Sources */ = {isa = PBXBuildFile; fileRef = 0527444F1CCAB06200E821CE /* Capabilities.swift */; };
		05EAF87C1CE81C52002DFF6E /* Timing.swift in Sources */ = {isa = PBXBuildFile; fileRef = 052745041CCE734E00E821CE /* Timing.swift */; };
		05EAF87E1CE81C52002DFF6E /* entry+utils.swift in Sources */ = {isa = PBXBuildFile; fileRef = 054FE8791CCF4630009923F4 /* entry+utils.swift */; };
		05EAF87F1CE81C52002DFF6E /* bgfx+native.swift in Sources */ = {isa = PBXBuildFile; fileRef = 0527444D1CCAB06200E821CE /* bgfx+native.swift */; };
		05EAF8801CE81C52002DFF6E /* io.swift in Sources */ = {isa = PBXBuildFile; fileRef = 054FE86F1CCF1BA1009923F4 /* io.swift */; };
		05EAF8811CE81C52002DFF6E /* TransientVertexBuffer.swift in Sources */ = {isa = PBXBuildFile; fileRef = 052744C71CCAE01600E821CE /* TransientVertexBuffer.swift */; };
		05EAF8821CE81C52002DFF6E /* Program.swift in Sources */ = {isa = PBXBuildFile; fileRef = 0527447C1CCAB84D00E821CE /* Program.swift */; };
		05EAF8831CE81C52002DFF6E /* entry.swift in Sources */ = {isa = PBXBuildFile; fileRef = 055B3D3A1CC6B4DC005B38C5 /* entry.swift */; };
		05EAF8841CE81C52002DFF6E /* InstanceDataBuffer.swift in Sources */ = {isa = PBXBuildFile; fileRef = 052744791CCAB6F400E821CE /* InstanceDataBuffer.swift */; };
		05EAF8851CE81C52002DFF6E /* StencilFlags.swift in Sources */ = {isa = PBXBuildFile; fileRef = 052744D01CCD61E700E821CE /* StencilFlags.swift */; };
		05EAF8861CE81C52002DFF6E /* FrameBuffer.swift in Sources */ = {isa = PBXBuildFile; fileRef = 052744521CCAB06200E821CE /* FrameBuffer.swift */; };
		05EAF8871CE81C52002DFF6E /* bgfx.swift in Sources */ = {isa = PBXBuildFile; fileRef = 052744CA1CCAE28A00E821CE /* bgfx.swift */; };
		05EAF8881CE81C52002DFF6E /* queue.swift in Sources */ = {isa = PBXBuildFile; fileRef = 055B3D721CC70E8F005B38C5 /* queue.swift */; };
		05EAF8891CE81C52002DFF6E /* event.swift in Sources */ = {isa = PBXBuildFile; fileRef = 055B3D741CC73EE5005B38C5 /* event.swift */; };
		05EAF88A1CE81C52002DFF6E /* IndexBuffer.swift in Sources */ = {isa = PBXBuildFile; fileRef = 052744531CCAB06200E821CE /* IndexBuffer.swift */; };
		05EAF88B1CE81C52002DFF6E /* OcclusionQuery.swift in Sources */ = {isa = PBXBuildFile; fileRef = 052744731CCAB47400E821CE /* OcclusionQuery.swift */; };
		05EAF88C1CE81C52002DFF6E /* Shader.swift in Sources */ = {isa = PBXBuildFile; fileRef = 052744821CCABAB900E821CE /* Shader.swift */; };
		05EAF88D1CE81C52002DFF6E /* Uniform.swift in Sources */ = {isa = PBXBuildFile; fileRef = 052744851CCABACC00E821CE /* Uniform.swift */; };
		05EAF88F1CE81C52002DFF6E /* DynamicIndexBuffer.swift in Sources */ = {isa = PBXBuildFile; fileRef = 052744501CCAB06200E821CE /* DynamicIndexBuffer.swift */; };
		05EAF8901CE81C52002DFF6E /* TransientIndexBuffer.swift in Sources */ = {isa = PBXBuildFile; fileRef = 052744C41CCAD44500E821CE /* TransientIndexBuffer.swift */; };
		05EAF8911CE81C52002DFF6E /* File.swift in Sources */ = {isa = PBXBuildFile; fileRef = 054FE8751CCF1D87009923F4 /* File.swift */; };
		05EAF8921CE81C52002DFF6E /* VertexBuffer.swift in Sources */ = {isa = PBXBuildFile; fileRef = 052744571CCAB06200E821CE /* VertexBuffer.swift */; };
		05EAF8931CE81C52002DFF6E /* Texture.swift in Sources */ = {isa = PBXBuildFile; fileRef = 052744561CCAB06200E821CE /* Texture.swift */; };
		05EAF8941CE81C52002DFF6E /* entry+osx.swift in Sources */ = {isa = PBXBuildFile; fileRef = 055B3D3C1CC6B670005B38C5 /* entry+osx.swift */; };
		05EAF8951CE81C52002DFF6E /* bgfx+types.swift in Sources */ = {isa = PBXBuildFile; fileRef = 0527444E1CCAB06200E821CE /* bgfx+types.swift */; };
		05EAF8961CE81C52002DFF6E /* IndirectBuffer.swift in Sources */ = {isa = PBXBuildFile; fileRef = 052744541CCAB06200E821CE /* IndirectBuffer.swift */; };
		05EAF8971CE81C52002DFF6E /* Callbacks.swift in Sources */ = {isa = PBXBuildFile; fileRef = 052744CD1CCBCF2E00E821CE /* Callbacks.swift */; };
		05EAF8981CE81C52002DFF6E /* RenderState.swift in Sources */ = {isa = PBXBuildFile; fileRef = 0527447F1CCAB89900E821CE /* RenderState.swift */; };
		05EAF8991CE81C52002DFF6E /* Texture+Create.swift in Sources */ = {isa = PBXBuildFile; fileRef = 05EAF86F1CE79ECF002DFF6E /* Texture+Create.swift */; };
		05EAF89A1CE81C52002DFF6E /* DynamicVertexBuffer.swift in Sources */ = {isa = PBXBuildFile; fileRef = 052744761CCAB5E600E821CE /* DynamicVertexBuffer.swift */; };
		05EAF89B1CE81C52002DFF6E /* enums.swift in Sources */ = {isa = PBXBuildFile; fileRef = 052744511CCAB06200E821CE /* enums.swift */; };
		05EAF89D1CE81C52002DFF6E /* VertexLayout.swift in Sources */ = {isa = PBXBuildFile; fileRef = 052744581CCAB06200E821CE /* VertexLayout.swift */; };
		05EAF89E1CE81C52002DFF6E /* input.swift in Sources */ = {isa = PBXBuildFile; fileRef = 055B3D761CC7CBCF005B38C5 /* input.swift */; };
		05EAF89F1CE81C52002DFF6E /* MemoryBlock.swift in Sources */ = {isa = PBXBuildFile; fileRef = 052744551CCAB06200E821CE /* MemoryBlock.swift */; };
		05EAF8A11CE81C52002DFF6E /* QuartzCore.framework in Frameworks */ = {isa = PBXBuildFile; fileRef = 058076BE1CC2D09300C43477 /* QuartzCore.framework */; };
		05EAF8A21CE81C52002DFF6E /* Cocoa.framework in Frameworks */ = {isa = PBXBuildFile; fileRef = 058076B81CC2D01200C43477 /* Cocoa.framework */; };
		05EAF8A31CE81C52002DFF6E /* OpenGL.framework in Frameworks */ = {isa = PBXBuildFile; fileRef = 058076B61CC2D00400C43477 /* OpenGL.framework */; };
		05EAF8A51CE81C52002DFF6E /* Metal.framework in Frameworks */ = {isa = PBXBuildFile; fileRef = 058076B41CC2CFF100C43477 /* Metal.framework */; };
		05EAF8AB1CE81C68002DFF6E /* main.swift in Sources */ = {isa = PBXBuildFile; fileRef = 05EAF8761CE81C46002DFF6E /* main.swift */; };
/* End PBXBuildFile section */

/* Begin PBXCopyFilesBuildPhase section */
		05195BCB1CEBA2F1002941B0 /* CopyFiles */ = {
			isa = PBXCopyFilesBuildPhase;
			buildActionMask = 2147483647;
			dstPath = /usr/share/man/man1/;
			dstSubfolderSpec = 0;
			files = (
			);
			runOnlyForDeploymentPostprocessing = 1;
		};
		052744FD1CCD66BC00E821CE /* CopyFiles */ = {
			isa = PBXCopyFilesBuildPhase;
			buildActionMask = 2147483647;
			dstPath = /usr/share/man/man1/;
			dstSubfolderSpec = 0;
			files = (
			);
			runOnlyForDeploymentPostprocessing = 1;
		};
		055B3D501CC6B77B005B38C5 /* CopyFiles */ = {
			isa = PBXCopyFilesBuildPhase;
			buildActionMask = 2147483647;
			dstPath = /usr/share/man/man1/;
			dstSubfolderSpec = 0;
			files = (
			);
			runOnlyForDeploymentPostprocessing = 1;
		};
		05EAF8A61CE81C52002DFF6E /* CopyFiles */ = {
			isa = PBXCopyFilesBuildPhase;
			buildActionMask = 2147483647;
			dstPath = /usr/share/man/man1/;
			dstSubfolderSpec = 0;
			files = (
			);
			runOnlyForDeploymentPostprocessing = 1;
		};
/* End PBXCopyFilesBuildPhase section */

/* Begin PBXFileReference section */
		05195B9F1CEBA260002941B0 /* main.swift */ = {isa = PBXFileReference; lastKnownFileType = sourcecode.swift; path = main.swift; sourceTree = "<group>"; };
		05195BCF1CEBA2F1002941B0 /* 03-raymarch */ = {isa = PBXFileReference; explicitFileType = "compiled.mach-o.executable"; includeInIndex = 0; path = "03-raymarch"; sourceTree = BUILT_PRODUCTS_DIR; };
		052744481CCAA48400E821CE /* Package.swift */ = {isa = PBXFileReference; fileEncoding = 4; lastKnownFileType = sourcecode.swift; path = Package.swift; sourceTree = "<group>"; };
		0527444D1CCAB06200E821CE /* bgfx+native.swift */ = {isa = PBXFileReference; fileEncoding = 4; lastKnownFileType = sourcecode.swift; path = "bgfx+native.swift"; sourceTree = "<group>"; };
		0527444E1CCAB06200E821CE /* bgfx+types.swift */ = {isa = PBXFileReference; fileEncoding = 4; lastKnownFileType = sourcecode.swift; path = "bgfx+types.swift"; sourceTree = "<group>"; };
		0527444F1CCAB06200E821CE /* Capabilities.swift */ = {isa = PBXFileReference; fileEncoding = 4; lastKnownFileType = sourcecode.swift; path = Capabilities.swift; sourceTree = "<group>"; };
		052744501CCAB06200E821CE /* DynamicIndexBuffer.swift */ = {isa = PBXFileReference; fileEncoding = 4; lastKnownFileType = sourcecode.swift; path = DynamicIndexBuffer.swift; sourceTree = "<group>"; };
		052744511CCAB06200E821CE /* enums.swift */ = {isa = PBXFileReference; fileEncoding = 4; lastKnownFileType = sourcecode.swift; path = enums.swift; sourceTree = "<group>"; };
		052744521CCAB06200E821CE /* FrameBuffer.swift */ = {isa = PBXFileReference; fileEncoding = 4; lastKnownFileType = sourcecode.swift; path = FrameBuffer.swift; sourceTree = "<group>"; };
		052744531CCAB06200E821CE /* IndexBuffer.swift */ = {isa = PBXFileReference; fileEncoding = 4; lastKnownFileType = sourcecode.swift; path = IndexBuffer.swift; sourceTree = "<group>"; };
		052744541CCAB06200E821CE /* IndirectBuffer.swift */ = {isa = PBXFileReference; fileEncoding = 4; lastKnownFileType = sourcecode.swift; path = IndirectBuffer.swift; sourceTree = "<group>"; };
		052744551CCAB06200E821CE /* MemoryBlock.swift */ = {isa = PBXFileReference; fileEncoding = 4; lastKnownFileType = sourcecode.swift; path = MemoryBlock.swift; sourceTree = "<group>"; };
		052744561CCAB06200E821CE /* Texture.swift */ = {isa = PBXFileReference; fileEncoding = 4; lastKnownFileType = sourcecode.swift; path = Texture.swift; sourceTree = "<group>"; };
		052744571CCAB06200E821CE /* VertexBuffer.swift */ = {isa = PBXFileReference; fileEncoding = 4; lastKnownFileType = sourcecode.swift; path = VertexBuffer.swift; sourceTree = "<group>"; };
		052744581CCAB06200E821CE /* VertexLayout.swift */ = {isa = PBXFileReference; fileEncoding = 4; lastKnownFileType = sourcecode.swift; path = VertexLayout.swift; sourceTree = "<group>"; };
		052744731CCAB47400E821CE /* OcclusionQuery.swift */ = {isa = PBXFileReference; fileEncoding = 4; lastKnownFileType = sourcecode.swift; path = OcclusionQuery.swift; sourceTree = "<group>"; };
		052744761CCAB5E600E821CE /* DynamicVertexBuffer.swift */ = {isa = PBXFileReference; fileEncoding = 4; lastKnownFileType = sourcecode.swift; path = DynamicVertexBuffer.swift; sourceTree = "<group>"; };
		052744791CCAB6F400E821CE /* InstanceDataBuffer.swift */ = {isa = PBXFileReference; fileEncoding = 4; lastKnownFileType = sourcecode.swift; path = InstanceDataBuffer.swift; sourceTree = "<group>"; };
		0527447C1CCAB84D00E821CE /* Program.swift */ = {isa = PBXFileReference; fileEncoding = 4; lastKnownFileType = sourcecode.swift; path = Program.swift; sourceTree = "<group>"; };
		0527447F1CCAB89900E821CE /* RenderState.swift */ = {isa = PBXFileReference; fileEncoding = 4; lastKnownFileType = sourcecode.swift; path = RenderState.swift; sourceTree = "<group>"; };
		052744821CCABAB900E821CE /* Shader.swift */ = {isa = PBXFileReference; fileEncoding = 4; lastKnownFileType = sourcecode.swift; path = Shader.swift; sourceTree = "<group>"; };
		052744851CCABACC00E821CE /* Uniform.swift */ = {isa = PBXFileReference; fileEncoding = 4; lastKnownFileType = sourcecode.swift; path = Uniform.swift; sourceTree = "<group>"; };
		052744C41CCAD44500E821CE /* TransientIndexBuffer.swift */ = {isa = PBXFileReference; fileEncoding = 4; lastKnownFileType = sourcecode.swift; path = TransientIndexBuffer.swift; sourceTree = "<group>"; };
		052744C71CCAE01600E821CE /* TransientVertexBuffer.swift */ = {isa = PBXFileReference; fileEncoding = 4; lastKnownFileType = sourcecode.swift; path = TransientVertexBuffer.swift; sourceTree = "<group>"; };
		052744CA1CCAE28A00E821CE /* bgfx.swift */ = {isa = PBXFileReference; fileEncoding = 4; lastKnownFileType = sourcecode.swift; path = bgfx.swift; sourceTree = "<group>"; };
		052744CD1CCBCF2E00E821CE /* Callbacks.swift */ = {isa = PBXFileReference; fileEncoding = 4; lastKnownFileType = sourcecode.swift; path = Callbacks.swift; sourceTree = "<group>"; };
		052744D01CCD61E700E821CE /* StencilFlags.swift */ = {isa = PBXFileReference; fileEncoding = 4; lastKnownFileType = sourcecode.swift; path = StencilFlags.swift; sourceTree = "<group>"; };
		052745011CCD66BC00E821CE /* 01-cubes */ = {isa = PBXFileReference; explicitFileType = "compiled.mach-o.executable"; includeInIndex = 0; path = "01-cubes"; sourceTree = BUILT_PRODUCTS_DIR; };
		052745021CCD66E700E821CE /* main.swift */ = {isa = PBXFileReference; fileEncoding = 4; lastKnownFileType = sourcecode.swift; path = main.swift; sourceTree = "<group>"; };
		052745041CCE734E00E821CE /* Timing.swift */ = {isa = PBXFileReference; fileEncoding = 4; lastKnownFileType = sourcecode.swift; path = Timing.swift; sourceTree = "<group>"; };
		052951581D1EF4AA0041DA32 /* Vector2+simd.swift */ = {isa = PBXFileReference; fileEncoding = 4; lastKnownFileType = sourcecode.swift; path = "Vector2+simd.swift"; sourceTree = "<group>"; };
		0529515D1D1EFCC20041DA32 /* bgfx+math.swift */ = {isa = PBXFileReference; fileEncoding = 4; lastKnownFileType = sourcecode.swift; path = "bgfx+math.swift"; sourceTree = "<group>"; };
		053D63FC1D1F1F5A00259AB3 /* Matrix4x4+simd.swift */ = {isa = PBXFileReference; fileEncoding = 4; lastKnownFileType = sourcecode.swift; path = "Matrix4x4+simd.swift"; sourceTree = "<group>"; };
		053D64011D1F200D00259AB3 /* Vector4+simd.swift */ = {isa = PBXFileReference; fileEncoding = 4; lastKnownFileType = sourcecode.swift; path = "Vector4+simd.swift"; sourceTree = "<group>"; };
		053D64061D1F37EB00259AB3 /* Vector3+simd.swift */ = {isa = PBXFileReference; fileEncoding = 4; lastKnownFileType = sourcecode.swift; path = "Vector3+simd.swift"; sourceTree = "<group>"; };
		054FE86F1CCF1BA1009923F4 /* io.swift */ = {isa = PBXFileReference; fileEncoding = 4; lastKnownFileType = sourcecode.swift; path = io.swift; sourceTree = "<group>"; };
		054FE8751CCF1D87009923F4 /* File.swift */ = {isa = PBXFileReference; fileEncoding = 4; lastKnownFileType = sourcecode.swift; path = File.swift; sourceTree = "<group>"; };
		054FE8791CCF4630009923F4 /* entry+utils.swift */ = {isa = PBXFileReference; fileEncoding = 4; lastKnownFileType = sourcecode.swift; path = "entry+utils.swift"; sourceTree = "<group>"; };
		055B3D3A1CC6B4DC005B38C5 /* entry.swift */ = {isa = PBXFileReference; fileEncoding = 4; lastKnownFileType = sourcecode.swift; path = entry.swift; sourceTree = "<group>"; };
		055B3D3C1CC6B670005B38C5 /* entry+osx.swift */ = {isa = PBXFileReference; fileEncoding = 4; lastKnownFileType = sourcecode.swift; path = "entry+osx.swift"; sourceTree = "<group>"; };
		055B3D3F1CC6B716005B38C5 /* main.swift */ = {isa = PBXFileReference; fileEncoding = 4; lastKnownFileType = sourcecode.swift; path = main.swift; sourceTree = "<group>"; };
		055B3D541CC6B77B005B38C5 /* 00-helloworld */ = {isa = PBXFileReference; explicitFileType = "compiled.mach-o.executable"; includeInIndex = 0; path = "00-helloworld"; sourceTree = BUILT_PRODUCTS_DIR; };
		055B3D591CC70135005B38C5 /* logo.swift */ = {isa = PBXFileReference; fileEncoding = 4; lastKnownFileType = sourcecode.swift; path = logo.swift; sourceTree = "<group>"; };
		055B3D721CC70E8F005B38C5 /* queue.swift */ = {isa = PBXFileReference; fileEncoding = 4; lastKnownFileType = sourcecode.swift; path = queue.swift; sourceTree = "<group>"; };
		055B3D741CC73EE5005B38C5 /* event.swift */ = {isa = PBXFileReference; fileEncoding = 4; lastKnownFileType = sourcecode.swift; path = event.swift; sourceTree = "<group>"; };
		055B3D761CC7CBCF005B38C5 /* input.swift */ = {isa = PBXFileReference; fileEncoding = 4; lastKnownFileType = sourcecode.swift; path = input.swift; sourceTree = "<group>"; };
		058076B41CC2CFF100C43477 /* Metal.framework */ = {isa = PBXFileReference; lastKnownFileType = wrapper.framework; name = Metal.framework; path = System/Library/Frameworks/Metal.framework; sourceTree = SDKROOT; };
		058076B61CC2D00400C43477 /* OpenGL.framework */ = {isa = PBXFileReference; lastKnownFileType = wrapper.framework; name = OpenGL.framework; path = System/Library/Frameworks/OpenGL.framework; sourceTree = SDKROOT; };
		058076B81CC2D01200C43477 /* Cocoa.framework */ = {isa = PBXFileReference; lastKnownFileType = wrapper.framework; name = Cocoa.framework; path = System/Library/Frameworks/Cocoa.framework; sourceTree = SDKROOT; };
		058076BE1CC2D09300C43477 /* QuartzCore.framework */ = {isa = PBXFileReference; lastKnownFileType = wrapper.framework; name = QuartzCore.framework; path = System/Library/Frameworks/QuartzCore.framework; sourceTree = SDKROOT; };
		05B1B6AA1CD8857000401D8C /* Common.xcconfig */ = {isa = PBXFileReference; lastKnownFileType = text.xcconfig; path = Common.xcconfig; sourceTree = "<group>"; };
		05B1B6AB1CD885BA00401D8C /* Debug.xcconfig */ = {isa = PBXFileReference; lastKnownFileType = text.xcconfig; path = Debug.xcconfig; sourceTree = "<group>"; };
		05B1B6AC1CD885C200401D8C /* Release.xcconfig */ = {isa = PBXFileReference; lastKnownFileType = text.xcconfig; path = Release.xcconfig; sourceTree = "<group>"; };
		05EAF86C1CDFB4C7002DFF6E /* libSGLMath.a */ = {isa = PBXFileReference; lastKnownFileType = archive.ar; name = libSGLMath.a; path = ../3rdparty/Math/.build/debug/libSGLMath.a; sourceTree = "<group>"; };
		05EAF86F1CE79ECF002DFF6E /* Texture+Create.swift */ = {isa = PBXFileReference; fileEncoding = 4; lastKnownFileType = sourcecode.swift; path = "Texture+Create.swift"; sourceTree = "<group>"; };
		05EAF8731CE7FE61002DFF6E /* bgfx-bridging.h */ = {isa = PBXFileReference; lastKnownFileType = sourcecode.c.h; path = "bgfx-bridging.h"; sourceTree = "<group>"; };
		05EAF8761CE81C46002DFF6E /* main.swift */ = {isa = PBXFileReference; fileEncoding = 4; lastKnownFileType = sourcecode.swift; path = main.swift; sourceTree = "<group>"; };
		05EAF8AA1CE81C52002DFF6E /* 05-instancing */ = {isa = PBXFileReference; explicitFileType = "compiled.mach-o.executable"; includeInIndex = 0; path = "05-instancing"; sourceTree = BUILT_PRODUCTS_DIR; };
/* End PBXFileReference section */

/* Begin PBXFrameworksBuildPhase section */
		05195BC51CEBA2F1002941B0 /* Frameworks */ = {
			isa = PBXFrameworksBuildPhase;
			buildActionMask = 2147483647;
			files = (
				05195BC61CEBA2F1002941B0 /* QuartzCore.framework in Frameworks */,
				05195BC71CEBA2F1002941B0 /* Cocoa.framework in Frameworks */,
				05195BC81CEBA2F1002941B0 /* OpenGL.framework in Frameworks */,
				05195BCA1CEBA2F1002941B0 /* Metal.framework in Frameworks */,
			);
			runOnlyForDeploymentPostprocessing = 0;
		};
		052744F71CCD66BC00E821CE /* Frameworks */ = {
			isa = PBXFrameworksBuildPhase;
			buildActionMask = 2147483647;
			files = (
				052744F81CCD66BC00E821CE /* QuartzCore.framework in Frameworks */,
				052744FA1CCD66BC00E821CE /* Cocoa.framework in Frameworks */,
				052744FB1CCD66BC00E821CE /* OpenGL.framework in Frameworks */,
				052744FC1CCD66BC00E821CE /* Metal.framework in Frameworks */,
			);
			runOnlyForDeploymentPostprocessing = 0;
		};
		055B3D4A1CC6B77B005B38C5 /* Frameworks */ = {
			isa = PBXFrameworksBuildPhase;
			buildActionMask = 2147483647;
			files = (
				055B3D4B1CC6B77B005B38C5 /* QuartzCore.framework in Frameworks */,
				055B3D4D1CC6B77B005B38C5 /* Cocoa.framework in Frameworks */,
				055B3D4E1CC6B77B005B38C5 /* OpenGL.framework in Frameworks */,
				055B3D4F1CC6B77B005B38C5 /* Metal.framework in Frameworks */,
			);
			runOnlyForDeploymentPostprocessing = 0;
		};
		05EAF8A01CE81C52002DFF6E /* Frameworks */ = {
			isa = PBXFrameworksBuildPhase;
			buildActionMask = 2147483647;
			files = (
				05EAF8A11CE81C52002DFF6E /* QuartzCore.framework in Frameworks */,
				05EAF8A21CE81C52002DFF6E /* Cocoa.framework in Frameworks */,
				05EAF8A31CE81C52002DFF6E /* OpenGL.framework in Frameworks */,
				05EAF8A51CE81C52002DFF6E /* Metal.framework in Frameworks */,
			);
			runOnlyForDeploymentPostprocessing = 0;
		};
/* End PBXFrameworksBuildPhase section */

/* Begin PBXGroup section */
		05195B9E1CEBA235002941B0 /* 03-raymarch */ = {
			isa = PBXGroup;
			children = (
				05195B9F1CEBA260002941B0 /* main.swift */,
			);
			name = "03-raymarch";
			sourceTree = "<group>";
		};
		0527444B1CCAAFE000E821CE /* src */ = {
			isa = PBXGroup;
			children = (
				052951571D1EED860041DA32 /* math */,
				0527444E1CCAB06200E821CE /* bgfx+types.swift */,
				052744CA1CCAE28A00E821CE /* bgfx.swift */,
				0527444D1CCAB06200E821CE /* bgfx+native.swift */,
				052744CD1CCBCF2E00E821CE /* Callbacks.swift */,
				0527444F1CCAB06200E821CE /* Capabilities.swift */,
				052744501CCAB06200E821CE /* DynamicIndexBuffer.swift */,
				052744761CCAB5E600E821CE /* DynamicVertexBuffer.swift */,
				052744511CCAB06200E821CE /* enums.swift */,
				052744521CCAB06200E821CE /* FrameBuffer.swift */,
				052744531CCAB06200E821CE /* IndexBuffer.swift */,
				052744541CCAB06200E821CE /* IndirectBuffer.swift */,
				052744791CCAB6F400E821CE /* InstanceDataBuffer.swift */,
				052744551CCAB06200E821CE /* MemoryBlock.swift */,
				052744731CCAB47400E821CE /* OcclusionQuery.swift */,
				0527447C1CCAB84D00E821CE /* Program.swift */,
				0527447F1CCAB89900E821CE /* RenderState.swift */,
				052744821CCABAB900E821CE /* Shader.swift */,
				052744D01CCD61E700E821CE /* StencilFlags.swift */,
				052744561CCAB06200E821CE /* Texture.swift */,
				05EAF86F1CE79ECF002DFF6E /* Texture+Create.swift */,
				052745041CCE734E00E821CE /* Timing.swift */,
				052744C41CCAD44500E821CE /* TransientIndexBuffer.swift */,
				052744C71CCAE01600E821CE /* TransientVertexBuffer.swift */,
				052744851CCABACC00E821CE /* Uniform.swift */,
				052744571CCAB06200E821CE /* VertexBuffer.swift */,
				052744581CCAB06200E821CE /* VertexLayout.swift */,
			);
			path = src;
			sourceTree = "<group>";
		};
		052744D31CCD65E500E821CE /* 01-cubes */ = {
			isa = PBXGroup;
			children = (
				052745021CCD66E700E821CE /* main.swift */,
			);
			path = "01-cubes";
			sourceTree = "<group>";
		};
		052951571D1EED860041DA32 /* math */ = {
			isa = PBXGroup;
			children = (
				053D63FC1D1F1F5A00259AB3 /* Matrix4x4+simd.swift */,
				052951581D1EF4AA0041DA32 /* Vector2+simd.swift */,
				053D64061D1F37EB00259AB3 /* Vector3+simd.swift */,
				053D64011D1F200D00259AB3 /* Vector4+simd.swift */,
				0529515D1D1EFCC20041DA32 /* bgfx+math.swift */,
			);
			path = math;
			sourceTree = "<group>";
		};
		054FE8681CCF1ADF009923F4 /* bx */ = {
			isa = PBXGroup;
			children = (
				054FE8691CCF1AFA009923F4 /* src */,
			);
			path = bx;
			sourceTree = "<group>";
		};
		054FE8691CCF1AFA009923F4 /* src */ = {
			isa = PBXGroup;
			children = (
				054FE86E1CCF1B74009923F4 /* io */,
				054FE8741CCF1D61009923F4 /* os */,
			);
			path = src;
			sourceTree = "<group>";
		};
		054FE86E1CCF1B74009923F4 /* io */ = {
			isa = PBXGroup;
			children = (
				054FE86F1CCF1BA1009923F4 /* io.swift */,
			);
			path = io;
			sourceTree = "<group>";
		};
		054FE8741CCF1D61009923F4 /* os */ = {
			isa = PBXGroup;
			children = (
				054FE8751CCF1D87009923F4 /* File.swift */,
			);
			path = os;
			sourceTree = "<group>";
		};
		055B3D381CC6B327005B38C5 /* examples */ = {
			isa = PBXGroup;
			children = (
				05EAF8741CE818B5002DFF6E /* vox-00 */,
				055B3D3E1CC6B6A1005B38C5 /* 00-helloworld */,
				052744D31CCD65E500E821CE /* 01-cubes */,
				05195B9E1CEBA235002941B0 /* 03-raymarch */,
				05EAF8751CE81C25002DFF6E /* 05-instancing */,
				055B3D391CC6B4BD005B38C5 /* common */,
			);
			path = examples;
			sourceTree = "<group>";
		};
		055B3D391CC6B4BD005B38C5 /* common */ = {
			isa = PBXGroup;
			children = (
				055B3D741CC73EE5005B38C5 /* event.swift */,
				055B3D3A1CC6B4DC005B38C5 /* entry.swift */,
				054FE8791CCF4630009923F4 /* entry+utils.swift */,
				055B3D3C1CC6B670005B38C5 /* entry+osx.swift */,
				055B3D721CC70E8F005B38C5 /* queue.swift */,
				055B3D761CC7CBCF005B38C5 /* input.swift */,
			);
			path = common;
			sourceTree = "<group>";
		};
		055B3D3E1CC6B6A1005B38C5 /* 00-helloworld */ = {
			isa = PBXGroup;
			children = (
				055B3D3F1CC6B716005B38C5 /* main.swift */,
				055B3D591CC70135005B38C5 /* logo.swift */,
			);
			path = "00-helloworld";
			sourceTree = "<group>";
		};
		058076931CC2B0D600C43477 = {
			isa = PBXGroup;
			children = (
				05B1B6A91CD8853B00401D8C /* configs */,
				055B3D381CC6B327005B38C5 /* examples */,
				058076A61CC2B10000C43477 /* bgfx */,
				054FE8681CCF1ADF009923F4 /* bx */,
				0580769D1CC2B0D600C43477 /* Products */,
				058076C01CC2D09B00C43477 /* Frameworks */,
			);
			sourceTree = "<group>";
		};
		0580769D1CC2B0D600C43477 /* Products */ = {
			isa = PBXGroup;
			children = (
				055B3D541CC6B77B005B38C5 /* 00-helloworld */,
				052745011CCD66BC00E821CE /* 01-cubes */,
				05EAF8AA1CE81C52002DFF6E /* 05-instancing */,
				05195BCF1CEBA2F1002941B0 /* 03-raymarch */,
			);
			name = Products;
			sourceTree = "<group>";
		};
		058076A61CC2B10000C43477 /* bgfx */ = {
			isa = PBXGroup;
			children = (
				05EAF8721CE7FE42002DFF6E /* include */,
				0527444B1CCAAFE000E821CE /* src */,
				052744481CCAA48400E821CE /* Package.swift */,
			);
			path = bgfx;
			sourceTree = "<group>";
		};
		058076C01CC2D09B00C43477 /* Frameworks */ = {
			isa = PBXGroup;
			children = (
				05EAF86C1CDFB4C7002DFF6E /* libSGLMath.a */,
				058076BE1CC2D09300C43477 /* QuartzCore.framework */,
				058076B81CC2D01200C43477 /* Cocoa.framework */,
				058076B61CC2D00400C43477 /* OpenGL.framework */,
				058076B41CC2CFF100C43477 /* Metal.framework */,
			);
			name = Frameworks;
			sourceTree = "<group>";
		};
		05B1B6A91CD8853B00401D8C /* configs */ = {
			isa = PBXGroup;
			children = (
				05B1B6AA1CD8857000401D8C /* Common.xcconfig */,
				05B1B6AB1CD885BA00401D8C /* Debug.xcconfig */,
				05B1B6AC1CD885C200401D8C /* Release.xcconfig */,
			);
			name = configs;
			sourceTree = "<group>";
		};
		05EAF8721CE7FE42002DFF6E /* include */ = {
			isa = PBXGroup;
			children = (
				05EAF8731CE7FE61002DFF6E /* bgfx-bridging.h */,
			);
			path = include;
			sourceTree = "<group>";
		};
		05EAF8741CE818B5002DFF6E /* vox-00 */ = {
			isa = PBXGroup;
			children = (
			);
			name = "vox-00";
			sourceTree = "<group>";
		};
		05EAF8751CE81C25002DFF6E /* 05-instancing */ = {
			isa = PBXGroup;
			children = (
				05EAF8761CE81C46002DFF6E /* main.swift */,
			);
			path = "05-instancing";
			sourceTree = "<group>";
		};
/* End PBXGroup section */

/* Begin PBXNativeTarget section */
		05195BA01CEBA2F1002941B0 /* 03-raymarch */ = {
			isa = PBXNativeTarget;
			buildConfigurationList = 05195BCC1CEBA2F1002941B0 /* Build configuration list for PBXNativeTarget "03-raymarch" */;
			buildPhases = (
				05195BA11CEBA2F1002941B0 /* Sources */,
				05195BC51CEBA2F1002941B0 /* Frameworks */,
				05195BCB1CEBA2F1002941B0 /* CopyFiles */,
			);
			buildRules = (
			);
			dependencies = (
			);
			name = "03-raymarch";
			productName = "bgfx Test";
			productReference = 05195BCF1CEBA2F1002941B0 /* 03-raymarch */;
			productType = "com.apple.product-type.tool";
		};
		052744D41CCD66BC00E821CE /* 01-cubes */ = {
			isa = PBXNativeTarget;
			buildConfigurationList = 052744FE1CCD66BC00E821CE /* Build configuration list for PBXNativeTarget "01-cubes" */;
			buildPhases = (
				052744D51CCD66BC00E821CE /* Sources */,
				052744F71CCD66BC00E821CE /* Frameworks */,
				052744FD1CCD66BC00E821CE /* CopyFiles */,
			);
			buildRules = (
			);
			dependencies = (
			);
			name = "01-cubes";
			productName = "bgfx Test";
			productReference = 052745011CCD66BC00E821CE /* 01-cubes */;
			productType = "com.apple.product-type.tool";
		};
		055B3D411CC6B77B005B38C5 /* 00-helloworld */ = {
			isa = PBXNativeTarget;
			buildConfigurationList = 055B3D511CC6B77B005B38C5 /* Build configuration list for PBXNativeTarget "00-helloworld" */;
			buildPhases = (
				055B3D421CC6B77B005B38C5 /* Sources */,
				055B3D4A1CC6B77B005B38C5 /* Frameworks */,
				055B3D501CC6B77B005B38C5 /* CopyFiles */,
			);
			buildRules = (
			);
			dependencies = (
			);
			name = "00-helloworld";
			productName = "bgfx Test";
			productReference = 055B3D541CC6B77B005B38C5 /* 00-helloworld */;
			productType = "com.apple.product-type.tool";
		};
		05EAF8791CE81C52002DFF6E /* 05-instancing */ = {
			isa = PBXNativeTarget;
			buildConfigurationList = 05EAF8A71CE81C52002DFF6E /* Build configuration list for PBXNativeTarget "05-instancing" */;
			buildPhases = (
				05EAF87A1CE81C52002DFF6E /* Sources */,
				05EAF8A01CE81C52002DFF6E /* Frameworks */,
				05EAF8A61CE81C52002DFF6E /* CopyFiles */,
			);
			buildRules = (
			);
			dependencies = (
			);
			name = "05-instancing";
			productName = "bgfx Test";
			productReference = 05EAF8AA1CE81C52002DFF6E /* 05-instancing */;
			productType = "com.apple.product-type.tool";
		};
/* End PBXNativeTarget section */

/* Begin PBXProject section */
		058076941CC2B0D600C43477 /* Project object */ = {
			isa = PBXProject;
			attributes = {
				LastSwiftUpdateCheck = 0730;
				LastUpgradeCheck = 0730;
				ORGANIZATIONNAME = SGC;
				TargetAttributes = {
					05195BA01CEBA2F1002941B0 = {
						LastSwiftMigration = 0800;
					};
					052744D41CCD66BC00E821CE = {
						LastSwiftMigration = 0800;
					};
					055B3D411CC6B77B005B38C5 = {
						LastSwiftMigration = 0800;
					};
					05EAF8791CE81C52002DFF6E = {
						LastSwiftMigration = 0800;
					};
				};
			};
			buildConfigurationList = 058076971CC2B0D600C43477 /* Build configuration list for PBXProject "SwiftBGFX" */;
			compatibilityVersion = "Xcode 3.2";
			developmentRegion = English;
			hasScannedForEncodings = 0;
			knownRegions = (
				en,
			);
			mainGroup = 058076931CC2B0D600C43477;
			productRefGroup = 0580769D1CC2B0D600C43477 /* Products */;
			projectDirPath = "";
			projectRoot = "";
			targets = (
				055B3D411CC6B77B005B38C5 /* 00-helloworld */,
				052744D41CCD66BC00E821CE /* 01-cubes */,
				05195BA01CEBA2F1002941B0 /* 03-raymarch */,
				05EAF8791CE81C52002DFF6E /* 05-instancing */,
			);
		};
/* End PBXProject section */

/* Begin PBXSourcesBuildPhase section */
		05195BA11CEBA2F1002941B0 /* Sources */ = {
			isa = PBXSourcesBuildPhase;
			buildActionMask = 2147483647;
			files = (
				05195BA21CEBA2F1002941B0 /* Capabilities.swift in Sources */,
				05195BD01CEBA309002941B0 /* main.swift in Sources */,
				05195BA31CEBA2F1002941B0 /* Timing.swift in Sources */,
				05195BA41CEBA2F1002941B0 /* entry+utils.swift in Sources */,
				05195BA51CEBA2F1002941B0 /* bgfx+native.swift in Sources */,
				05195BA61CEBA2F1002941B0 /* io.swift in Sources */,
				05195BA71CEBA2F1002941B0 /* TransientVertexBuffer.swift in Sources */,
				05195BA81CEBA2F1002941B0 /* Program.swift in Sources */,
				05195BA91CEBA2F1002941B0 /* entry.swift in Sources */,
				05195BAA1CEBA2F1002941B0 /* InstanceDataBuffer.swift in Sources */,
				05195BAB1CEBA2F1002941B0 /* StencilFlags.swift in Sources */,
				05195BAC1CEBA2F1002941B0 /* FrameBuffer.swift in Sources */,
				05195BAD1CEBA2F1002941B0 /* bgfx.swift in Sources */,
				05195BAE1CEBA2F1002941B0 /* queue.swift in Sources */,
				05195BAF1CEBA2F1002941B0 /* event.swift in Sources */,
				05195BB01CEBA2F1002941B0 /* IndexBuffer.swift in Sources */,
				05195BB11CEBA2F1002941B0 /* OcclusionQuery.swift in Sources */,
				05195BB21CEBA2F1002941B0 /* Shader.swift in Sources */,
				05195BB31CEBA2F1002941B0 /* Uniform.swift in Sources */,
				052951601D1EFCC20041DA32 /* bgfx+math.swift in Sources */,
				05195BB41CEBA2F1002941B0 /* DynamicIndexBuffer.swift in Sources */,
				05195BB51CEBA2F1002941B0 /* TransientIndexBuffer.swift in Sources */,
				05195BB61CEBA2F1002941B0 /* File.swift in Sources */,
				05195BB71CEBA2F1002941B0 /* VertexBuffer.swift in Sources */,
				05195BB81CEBA2F1002941B0 /* Texture.swift in Sources */,
				05195BB91CEBA2F1002941B0 /* entry+osx.swift in Sources */,
				0529515B1D1EF4AA0041DA32 /* Vector2+simd.swift in Sources */,
				05195BBA1CEBA2F1002941B0 /* bgfx+types.swift in Sources */,
				053D63FF1D1F1F5A00259AB3 /* Matrix4x4+simd.swift in Sources */,
				05195BBB1CEBA2F1002941B0 /* IndirectBuffer.swift in Sources */,
				05195BBC1CEBA2F1002941B0 /* Callbacks.swift in Sources */,
				05195BBD1CEBA2F1002941B0 /* RenderState.swift in Sources */,
				05195BBE1CEBA2F1002941B0 /* Texture+Create.swift in Sources */,
				05195BBF1CEBA2F1002941B0 /* DynamicVertexBuffer.swift in Sources */,
				053D64091D1F37EB00259AB3 /* Vector3+simd.swift in Sources */,
				05195BC01CEBA2F1002941B0 /* enums.swift in Sources */,
				053D64041D1F200D00259AB3 /* Vector4+simd.swift in Sources */,
				05195BC21CEBA2F1002941B0 /* VertexLayout.swift in Sources */,
				05195BC31CEBA2F1002941B0 /* input.swift in Sources */,
				05195BC41CEBA2F1002941B0 /* MemoryBlock.swift in Sources */,
			);
			runOnlyForDeploymentPostprocessing = 0;
		};
		052744D51CCD66BC00E821CE /* Sources */ = {
			isa = PBXSourcesBuildPhase;
			buildActionMask = 2147483647;
			files = (
				05B1B6911CD884AA00401D8C /* Capabilities.swift in Sources */,
				05B1B6A01CD884AA00401D8C /* Timing.swift in Sources */,
				052745031CCD66E700E821CE /* main.swift in Sources */,
				054FE87B1CCF46B5009923F4 /* entry+utils.swift in Sources */,
				05B1B68F1CD884AA00401D8C /* bgfx+native.swift in Sources */,
				054FE8781CCF3DCF009923F4 /* io.swift in Sources */,
				05B1B6A21CD884AA00401D8C /* TransientVertexBuffer.swift in Sources */,
				05B1B69B1CD884AA00401D8C /* Program.swift in Sources */,
				052744E11CCD66BC00E821CE /* entry.swift in Sources */,
				05B1B6981CD884AA00401D8C /* InstanceDataBuffer.swift in Sources */,
				05B1B69E1CD884AA00401D8C /* StencilFlags.swift in Sources */,
				05B1B6951CD884AA00401D8C /* FrameBuffer.swift in Sources */,
				05B1B68E1CD884AA00401D8C /* bgfx.swift in Sources */,
				052744E81CCD66BC00E821CE /* queue.swift in Sources */,
				052744E91CCD66BC00E821CE /* event.swift in Sources */,
				05B1B6961CD884AA00401D8C /* IndexBuffer.swift in Sources */,
				05B1B69A1CD884AA00401D8C /* OcclusionQuery.swift in Sources */,
				05B1B69D1CD884AA00401D8C /* Shader.swift in Sources */,
				05B1B6A31CD884AA00401D8C /* Uniform.swift in Sources */,
				0529515F1D1EFCC20041DA32 /* bgfx+math.swift in Sources */,
				05B1B6921CD884AA00401D8C /* DynamicIndexBuffer.swift in Sources */,
				05B1B6A11CD884AA00401D8C /* TransientIndexBuffer.swift in Sources */,
				054FE8771CCF3DC8009923F4 /* File.swift in Sources */,
				05B1B6A51CD884AA00401D8C /* VertexBuffer.swift in Sources */,
				05B1B69F1CD884AA00401D8C /* Texture.swift in Sources */,
				052744F11CCD66BC00E821CE /* entry+osx.swift in Sources */,
				0529515A1D1EF4AA0041DA32 /* Vector2+simd.swift in Sources */,
				05B1B68D1CD884AA00401D8C /* bgfx+types.swift in Sources */,
				053D63FE1D1F1F5A00259AB3 /* Matrix4x4+simd.swift in Sources */,
				05B1B6971CD884AA00401D8C /* IndirectBuffer.swift in Sources */,
				05B1B6901CD884AA00401D8C /* Callbacks.swift in Sources */,
				05B1B69C1CD884AA00401D8C /* RenderState.swift in Sources */,
				05EAF8711CE79ECF002DFF6E /* Texture+Create.swift in Sources */,
				05B1B6931CD884AA00401D8C /* DynamicVertexBuffer.swift in Sources */,
				053D64081D1F37EB00259AB3 /* Vector3+simd.swift in Sources */,
				05B1B6941CD884AA00401D8C /* enums.swift in Sources */,
				053D64031D1F200D00259AB3 /* Vector4+simd.swift in Sources */,
				05B1B6A61CD884AA00401D8C /* VertexLayout.swift in Sources */,
				052744F31CCD66BC00E821CE /* input.swift in Sources */,
				05B1B6991CD884AA00401D8C /* MemoryBlock.swift in Sources */,
			);
			runOnlyForDeploymentPostprocessing = 0;
		};
		055B3D421CC6B77B005B38C5 /* Sources */ = {
			isa = PBXSourcesBuildPhase;
			buildActionMask = 2147483647;
			files = (
				054FE8701CCF1BA1009923F4 /* io.swift in Sources */,
				053D63FD1D1F1F5A00259AB3 /* Matrix4x4+simd.swift in Sources */,
				052951591D1EF4AA0041DA32 /* Vector2+simd.swift in Sources */,
				05B1B68B1CD881E300401D8C /* VertexBuffer.swift in Sources */,
				05B1B6851CD881E300401D8C /* Texture.swift in Sources */,
				05B1B67B1CD881E300401D8C /* FrameBuffer.swift in Sources */,
				054FE87A1CCF4630009923F4 /* entry+utils.swift in Sources */,
				05B1B6841CD881E300401D8C /* StencilFlags.swift in Sources */,
				054FE8761CCF1D87009923F4 /* File.swift in Sources */,
				05B1B6751CD881E300401D8C /* bgfx+native.swift in Sources */,
				05B1B6741CD881E300401D8C /* bgfx.swift in Sources */,
				053D64071D1F37EB00259AB3 /* Vector3+simd.swift in Sources */,
				05B1B6861CD881E300401D8C /* Timing.swift in Sources */,
				0529515E1D1EFCC20041DA32 /* bgfx+math.swift in Sources */,
				055B3D431CC6B77B005B38C5 /* entry.swift in Sources */,
				05B1B68C1CD881E300401D8C /* VertexLayout.swift in Sources */,
				05B1B6821CD881E300401D8C /* RenderState.swift in Sources */,
				05B1B67F1CD881E300401D8C /* MemoryBlock.swift in Sources */,
				05B1B6801CD881E300401D8C /* OcclusionQuery.swift in Sources */,
				05B1B6811CD881E300401D8C /* Program.swift in Sources */,
				05B1B67C1CD881E300401D8C /* IndexBuffer.swift in Sources */,
				05B1B67D1CD881E300401D8C /* IndirectBuffer.swift in Sources */,
				05B1B6831CD881E300401D8C /* Shader.swift in Sources */,
				05B1B6881CD881E300401D8C /* TransientVertexBuffer.swift in Sources */,
				05B1B6791CD881E300401D8C /* DynamicVertexBuffer.swift in Sources */,
				05B1B6891CD881E300401D8C /* Uniform.swift in Sources */,
				05B1B6771CD881E300401D8C /* Capabilities.swift in Sources */,
				055B3D551CC6B78C005B38C5 /* main.swift in Sources */,
				055B3D731CC70E8F005B38C5 /* queue.swift in Sources */,
				055B3D751CC73EE5005B38C5 /* event.swift in Sources */,
				055B3D5A1CC70135005B38C5 /* logo.swift in Sources */,
				05B1B6761CD881E300401D8C /* Callbacks.swift in Sources */,
				05B1B67A1CD881E300401D8C /* enums.swift in Sources */,
				05EAF8701CE79ECF002DFF6E /* Texture+Create.swift in Sources */,
				055B3D481CC6B77B005B38C5 /* entry+osx.swift in Sources */,
				05B1B6731CD881E300401D8C /* bgfx+types.swift in Sources */,
				05B1B6781CD881E300401D8C /* DynamicIndexBuffer.swift in Sources */,
				053D64021D1F200D00259AB3 /* Vector4+simd.swift in Sources */,
				05B1B67E1CD881E300401D8C /* InstanceDataBuffer.swift in Sources */,
				055B3D771CC7CBCF005B38C5 /* input.swift in Sources */,
				05B1B6871CD881E300401D8C /* TransientIndexBuffer.swift in Sources */,
			);
			runOnlyForDeploymentPostprocessing = 0;
		};
		05EAF87A1CE81C52002DFF6E /* Sources */ = {
			isa = PBXSourcesBuildPhase;
			buildActionMask = 2147483647;
			files = (
				05EAF87B1CE81C52002DFF6E /* Capabilities.swift in Sources */,
				05EAF87C1CE81C52002DFF6E /* Timing.swift in Sources */,
				05EAF87E1CE81C52002DFF6E /* entry+utils.swift in Sources */,
				05EAF87F1CE81C52002DFF6E /* bgfx+native.swift in Sources */,
				05EAF8801CE81C52002DFF6E /* io.swift in Sources */,
				05EAF8811CE81C52002DFF6E /* TransientVertexBuffer.swift in Sources */,
				05EAF8821CE81C52002DFF6E /* Program.swift in Sources */,
				05EAF8831CE81C52002DFF6E /* entry.swift in Sources */,
				05EAF8841CE81C52002DFF6E /* InstanceDataBuffer.swift in Sources */,
				05EAF8851CE81C52002DFF6E /* StencilFlags.swift in Sources */,
				05EAF8861CE81C52002DFF6E /* FrameBuffer.swift in Sources */,
				05EAF8871CE81C52002DFF6E /* bgfx.swift in Sources */,
				05EAF8881CE81C52002DFF6E /* queue.swift in Sources */,
				05EAF8891CE81C52002DFF6E /* event.swift in Sources */,
				05EAF88A1CE81C52002DFF6E /* IndexBuffer.swift in Sources */,
				05EAF88B1CE81C52002DFF6E /* OcclusionQuery.swift in Sources */,
				05EAF88C1CE81C52002DFF6E /* Shader.swift in Sources */,
				05EAF88D1CE81C52002DFF6E /* Uniform.swift in Sources */,
				05EAF88F1CE81C52002DFF6E /* DynamicIndexBuffer.swift in Sources */,
				052951611D1EFCC20041DA32 /* bgfx+math.swift in Sources */,
				05EAF8901CE81C52002DFF6E /* TransientIndexBuffer.swift in Sources */,
				05EAF8911CE81C52002DFF6E /* File.swift in Sources */,
				05EAF8921CE81C52002DFF6E /* VertexBuffer.swift in Sources */,
				05EAF8931CE81C52002DFF6E /* Texture.swift in Sources */,
				05EAF8941CE81C52002DFF6E /* entry+osx.swift in Sources */,
				05EAF8951CE81C52002DFF6E /* bgfx+types.swift in Sources */,
				0529515C1D1EF4AA0041DA32 /* Vector2+simd.swift in Sources */,
				05EAF8961CE81C52002DFF6E /* IndirectBuffer.swift in Sources */,
				053D64001D1F1F5A00259AB3 /* Matrix4x4+simd.swift in Sources */,
				05EAF8971CE81C52002DFF6E /* Callbacks.swift in Sources */,
				05EAF8981CE81C52002DFF6E /* RenderState.swift in Sources */,
				05EAF8991CE81C52002DFF6E /* Texture+Create.swift in Sources */,
				05EAF89A1CE81C52002DFF6E /* DynamicVertexBuffer.swift in Sources */,
				05EAF89B1CE81C52002DFF6E /* enums.swift in Sources */,
				053D640A1D1F37EB00259AB3 /* Vector3+simd.swift in Sources */,
				05EAF8AB1CE81C68002DFF6E /* main.swift in Sources */,
				053D64051D1F200D00259AB3 /* Vector4+simd.swift in Sources */,
				05EAF89D1CE81C52002DFF6E /* VertexLayout.swift in Sources */,
				05EAF89E1CE81C52002DFF6E /* input.swift in Sources */,
				05EAF89F1CE81C52002DFF6E /* MemoryBlock.swift in Sources */,
			);
			runOnlyForDeploymentPostprocessing = 0;
		};
/* End PBXSourcesBuildPhase section */

/* Begin XCBuildConfiguration section */
		05195BCD1CEBA2F1002941B0 /* Debug */ = {
			isa = XCBuildConfiguration;
			baseConfigurationReference = 05B1B6AB1CD885BA00401D8C /* Debug.xcconfig */;
			buildSettings = {
				LIBRARY_SEARCH_PATHS = (
					"$(inherited)",
					"$(PROJECT_DIR)/bgfx",
				);
				PRODUCT_NAME = "$(TARGET_NAME)";
				SWIFT_VERSION = 3.0;
			};
			name = Debug;
		};
		05195BCE1CEBA2F1002941B0 /* Release */ = {
			isa = XCBuildConfiguration;
			baseConfigurationReference = 05B1B6AC1CD885C200401D8C /* Release.xcconfig */;
			buildSettings = {
				LIBRARY_SEARCH_PATHS = (
					"$(inherited)",
					"$(PROJECT_DIR)/bgfx",
				);
				PRODUCT_NAME = "$(TARGET_NAME)";
				SWIFT_VERSION = 3.0;
			};
			name = Release;
		};
		052744FF1CCD66BC00E821CE /* Debug */ = {
			isa = XCBuildConfiguration;
			baseConfigurationReference = 05B1B6AB1CD885BA00401D8C /* Debug.xcconfig */;
			buildSettings = {
				LIBRARY_SEARCH_PATHS = (
					"$(inherited)",
					"$(PROJECT_DIR)/bgfx",
				);
				PRODUCT_NAME = "$(TARGET_NAME)";
				SWIFT_VERSION = 3.0;
			};
			name = Debug;
		};
		052745001CCD66BC00E821CE /* Release */ = {
			isa = XCBuildConfiguration;
			baseConfigurationReference = 05B1B6AC1CD885C200401D8C /* Release.xcconfig */;
			buildSettings = {
				LIBRARY_SEARCH_PATHS = (
					"$(inherited)",
					"$(PROJECT_DIR)/bgfx",
				);
				PRODUCT_NAME = "$(TARGET_NAME)";
				SWIFT_VERSION = 3.0;
			};
			name = Release;
		};
		055B3D521CC6B77B005B38C5 /* Debug */ = {
			isa = XCBuildConfiguration;
			baseConfigurationReference = 05B1B6AB1CD885BA00401D8C /* Debug.xcconfig */;
			buildSettings = {
				LIBRARY_SEARCH_PATHS = (
					"$(inherited)",
					"$(PROJECT_DIR)/bgfx",
				);
				PRODUCT_NAME = "$(TARGET_NAME)";
				SWIFT_VERSION = 3.0;
			};
			name = Debug;
		};
		055B3D531CC6B77B005B38C5 /* Release */ = {
			isa = XCBuildConfiguration;
			baseConfigurationReference = 05B1B6AC1CD885C200401D8C /* Release.xcconfig */;
			buildSettings = {
				LIBRARY_SEARCH_PATHS = (
					"$(inherited)",
					"$(PROJECT_DIR)/bgfx",
				);
				PRODUCT_NAME = "$(TARGET_NAME)";
				SWIFT_VERSION = 3.0;
			};
			name = Release;
		};
		058076A11CC2B0D600C43477 /* Debug */ = {
			isa = XCBuildConfiguration;
			baseConfigurationReference = 05B1B6AA1CD8857000401D8C /* Common.xcconfig */;
			buildSettings = {
				ALWAYS_SEARCH_USER_PATHS = NO;
				CLANG_ANALYZER_NONNULL = YES;
				CLANG_CXX_LANGUAGE_STANDARD = "gnu++0x";
				CLANG_CXX_LIBRARY = "libc++";
				CLANG_ENABLE_MODULES = YES;
				CLANG_ENABLE_OBJC_ARC = YES;
				CLANG_WARN_BOOL_CONVERSION = YES;
				CLANG_WARN_CONSTANT_CONVERSION = YES;
				CLANG_WARN_DIRECT_OBJC_ISA_USAGE = YES_ERROR;
				CLANG_WARN_EMPTY_BODY = YES;
				CLANG_WARN_ENUM_CONVERSION = YES;
				CLANG_WARN_INT_CONVERSION = YES;
				CLANG_WARN_OBJC_ROOT_CLASS = YES_ERROR;
				CLANG_WARN_UNREACHABLE_CODE = YES;
				CLANG_WARN__DUPLICATE_METHOD_MATCH = YES;
				CODE_SIGN_IDENTITY = "-";
				COPY_PHASE_STRIP = NO;
				DEBUG_INFORMATION_FORMAT = dwarf;
				ENABLE_STRICT_OBJC_MSGSEND = YES;
				ENABLE_TESTABILITY = YES;
				GCC_C_LANGUAGE_STANDARD = gnu99;
				GCC_DYNAMIC_NO_PIC = NO;
				GCC_NO_COMMON_BLOCKS = YES;
				GCC_OPTIMIZATION_LEVEL = 0;
				GCC_PREPROCESSOR_DEFINITIONS = (
					"DEBUG=1",
					"$(inherited)",
				);
				GCC_WARN_64_TO_32_BIT_CONVERSION = YES;
				GCC_WARN_ABOUT_RETURN_TYPE = YES_ERROR;
				GCC_WARN_UNDECLARED_SELECTOR = YES;
				GCC_WARN_UNINITIALIZED_AUTOS = YES_AGGRESSIVE;
				GCC_WARN_UNUSED_FUNCTION = YES;
				GCC_WARN_UNUSED_VARIABLE = YES;
				MACOSX_DEPLOYMENT_TARGET = 10.11;
				MTL_ENABLE_DEBUG_INFO = YES;
				ONLY_ACTIVE_ARCH = YES;
				SDKROOT = macosx;
				SWIFT_OBJC_BRIDGING_HEADER = "bgfx/include/bgfx-bridging.h";
				SWIFT_OPTIMIZATION_LEVEL = "-Onone";
			};
			name = Debug;
		};
		058076A21CC2B0D600C43477 /* Release */ = {
			isa = XCBuildConfiguration;
			baseConfigurationReference = 05B1B6AA1CD8857000401D8C /* Common.xcconfig */;
			buildSettings = {
				ALWAYS_SEARCH_USER_PATHS = NO;
				CLANG_ANALYZER_NONNULL = YES;
				CLANG_CXX_LANGUAGE_STANDARD = "gnu++0x";
				CLANG_CXX_LIBRARY = "libc++";
				CLANG_ENABLE_MODULES = YES;
				CLANG_ENABLE_OBJC_ARC = YES;
				CLANG_WARN_BOOL_CONVERSION = YES;
				CLANG_WARN_CONSTANT_CONVERSION = YES;
				CLANG_WARN_DIRECT_OBJC_ISA_USAGE = YES_ERROR;
				CLANG_WARN_EMPTY_BODY = YES;
				CLANG_WARN_ENUM_CONVERSION = YES;
				CLANG_WARN_INT_CONVERSION = YES;
				CLANG_WARN_OBJC_ROOT_CLASS = YES_ERROR;
				CLANG_WARN_UNREACHABLE_CODE = YES;
				CLANG_WARN__DUPLICATE_METHOD_MATCH = YES;
				CODE_SIGN_IDENTITY = "-";
				COPY_PHASE_STRIP = NO;
				DEBUG_INFORMATION_FORMAT = "dwarf-with-dsym";
				ENABLE_NS_ASSERTIONS = NO;
				ENABLE_STRICT_OBJC_MSGSEND = YES;
				GCC_C_LANGUAGE_STANDARD = gnu99;
				GCC_NO_COMMON_BLOCKS = YES;
				GCC_WARN_64_TO_32_BIT_CONVERSION = YES;
				GCC_WARN_ABOUT_RETURN_TYPE = YES_ERROR;
				GCC_WARN_UNDECLARED_SELECTOR = YES;
				GCC_WARN_UNINITIALIZED_AUTOS = YES_AGGRESSIVE;
				GCC_WARN_UNUSED_FUNCTION = YES;
				GCC_WARN_UNUSED_VARIABLE = YES;
				MACOSX_DEPLOYMENT_TARGET = 10.11;
				MTL_ENABLE_DEBUG_INFO = NO;
				SDKROOT = macosx;
				SWIFT_OBJC_BRIDGING_HEADER = "bgfx/include/bgfx-bridging.h";
			};
			name = Release;
		};
		05EAF8A81CE81C52002DFF6E /* Debug */ = {
			isa = XCBuildConfiguration;
			baseConfigurationReference = 05B1B6AB1CD885BA00401D8C /* Debug.xcconfig */;
			buildSettings = {
				LIBRARY_SEARCH_PATHS = (
					"$(inherited)",
					"$(PROJECT_DIR)/bgfx",
				);
				PRODUCT_NAME = "$(TARGET_NAME)";
				SWIFT_VERSION = 3.0;
			};
			name = Debug;
		};
		05EAF8A91CE81C52002DFF6E /* Release */ = {
			isa = XCBuildConfiguration;
			baseConfigurationReference = 05B1B6AC1CD885C200401D8C /* Release.xcconfig */;
			buildSettings = {
				LIBRARY_SEARCH_PATHS = (
					"$(inherited)",
					"$(PROJECT_DIR)/bgfx",
				);
				PRODUCT_NAME = "$(TARGET_NAME)";
				SWIFT_VERSION = 3.0;
			};
			name = Release;
		};
/* End XCBuildConfiguration section */

/* Begin XCConfigurationList section */
		05195BCC1CEBA2F1002941B0 /* Build configuration list for PBXNativeTarget "03-raymarch" */ = {
			isa = XCConfigurationList;
			buildConfigurations = (
				05195BCD1CEBA2F1002941B0 /* Debug */,
				05195BCE1CEBA2F1002941B0 /* Release */,
			);
			defaultConfigurationIsVisible = 0;
			defaultConfigurationName = Release;
		};
		052744FE1CCD66BC00E821CE /* Build configuration list for PBXNativeTarget "01-cubes" */ = {
			isa = XCConfigurationList;
			buildConfigurations = (
				052744FF1CCD66BC00E821CE /* Debug */,
				052745001CCD66BC00E821CE /* Release */,
			);
			defaultConfigurationIsVisible = 0;
			defaultConfigurationName = Release;
		};
		055B3D511CC6B77B005B38C5 /* Build configuration list for PBXNativeTarget "00-helloworld" */ = {
			isa = XCConfigurationList;
			buildConfigurations = (
				055B3D521CC6B77B005B38C5 /* Debug */,
				055B3D531CC6B77B005B38C5 /* Release */,
			);
			defaultConfigurationIsVisible = 0;
			defaultConfigurationName = Release;
		};
		058076971CC2B0D600C43477 /* Build configuration list for PBXProject "SwiftBGFX" */ = {
			isa = XCConfigurationList;
			buildConfigurations = (
				058076A11CC2B0D600C43477 /* Debug */,
				058076A21CC2B0D600C43477 /* Release */,
			);
			defaultConfigurationIsVisible = 0;
			defaultConfigurationName = Release;
		};
		05EAF8A71CE81C52002DFF6E /* Build configuration list for PBXNativeTarget "05-instancing" */ = {
			isa = XCConfigurationList;
			buildConfigurations = (
				05EAF8A81CE81C52002DFF6E /* Debug */,
				05EAF8A91CE81C52002DFF6E /* Release */,
			);
			defaultConfigurationIsVisible = 0;
			defaultConfigurationName = Release;
		};
/* End XCConfigurationList section */
	};
	rootObject = 058076941CC2B0D600C43477 /* Project object */;
}
