// !$*UTF8*$!
{
	archiveVersion = 1;
	classes = {
	};
	objectVersion = 46;
	objects = {

/* Begin PBXBuildFile section */
		054764CE1D824099003DC740 /* libbgfxRelease.a in Frameworks */ = {isa = PBXBuildFile; fileRef = 054764CC1D824053003DC740 /* libbgfxRelease.a */; };
		054764D01D8240A4003DC740 /* AppKit.framework in Frameworks */ = {isa = PBXBuildFile; fileRef = 054764CF1D8240A4003DC740 /* AppKit.framework */; };
		054764D21D826CAC003DC740 /* Metal.framework in Frameworks */ = {isa = PBXBuildFile; fileRef = 054764D11D826CAC003DC740 /* Metal.framework */; };
		054764D41D826CB5003DC740 /* Quartz.framework in Frameworks */ = {isa = PBXBuildFile; fileRef = 054764D31D826CB5003DC740 /* Quartz.framework */; };
		_LinkFileRef_Cbgfx_via_SwiftBGFX /* Cbgfx.framework in Frameworks */ = {isa = PBXBuildFile; fileRef = "_____Product_Cbgfx" /* Cbgfx.framework */; };
		_LinkFileRef_SwiftMath_via_SwiftBGFX /* SwiftMath.framework in Frameworks */ = {isa = PBXBuildFile; fileRef = "_____Product_SwiftMath" /* SwiftMath.framework */; };
		"__src_cc_ref_Packages/SwiftMath-1.0.0/Sources/Angle.swift" /* Angle.swift in Sources */ = {isa = PBXBuildFile; fileRef = "__PBXFileRef_Packages/SwiftMath-1.0.0/Sources/Angle.swift" /* Angle.swift */; };
		"__src_cc_ref_Packages/SwiftMath-1.0.0/Sources/Matrix4x4+Extensions.swift" /* Matrix4x4+Extensions.swift in Sources */ = {isa = PBXBuildFile; fileRef = "__PBXFileRef_Packages/SwiftMath-1.0.0/Sources/Matrix4x4+Extensions.swift" /* Matrix4x4+Extensions.swift */; };
		"__src_cc_ref_Packages/SwiftMath-1.0.0/Sources/Matrix4x4+simd.swift" /* Matrix4x4+simd.swift in Sources */ = {isa = PBXBuildFile; fileRef = "__PBXFileRef_Packages/SwiftMath-1.0.0/Sources/Matrix4x4+simd.swift" /* Matrix4x4+simd.swift */; };
		"__src_cc_ref_Packages/SwiftMath-1.0.0/Sources/Matrix4x4.swift" /* Matrix4x4.swift in Sources */ = {isa = PBXBuildFile; fileRef = "__PBXFileRef_Packages/SwiftMath-1.0.0/Sources/Matrix4x4.swift" /* Matrix4x4.swift */; };
		"__src_cc_ref_Packages/SwiftMath-1.0.0/Sources/Point.swift" /* Point.swift in Sources */ = {isa = PBXBuildFile; fileRef = "__PBXFileRef_Packages/SwiftMath-1.0.0/Sources/Point.swift" /* Point.swift */; };
		"__src_cc_ref_Packages/SwiftMath-1.0.0/Sources/Rect.swift" /* Rect.swift in Sources */ = {isa = PBXBuildFile; fileRef = "__PBXFileRef_Packages/SwiftMath-1.0.0/Sources/Rect.swift" /* Rect.swift */; };
		"__src_cc_ref_Packages/SwiftMath-1.0.0/Sources/Vector+swizzle.swift" /* Vector+swizzle.swift in Sources */ = {isa = PBXBuildFile; fileRef = "__PBXFileRef_Packages/SwiftMath-1.0.0/Sources/Vector+swizzle.swift" /* Vector+swizzle.swift */; };
		"__src_cc_ref_Packages/SwiftMath-1.0.0/Sources/Vector2+simd.swift" /* Vector2+simd.swift in Sources */ = {isa = PBXBuildFile; fileRef = "__PBXFileRef_Packages/SwiftMath-1.0.0/Sources/Vector2+simd.swift" /* Vector2+simd.swift */; };
		"__src_cc_ref_Packages/SwiftMath-1.0.0/Sources/Vector2.swift" /* Vector2.swift in Sources */ = {isa = PBXBuildFile; fileRef = "__PBXFileRef_Packages/SwiftMath-1.0.0/Sources/Vector2.swift" /* Vector2.swift */; };
		"__src_cc_ref_Packages/SwiftMath-1.0.0/Sources/Vector3+simd.swift" /* Vector3+simd.swift in Sources */ = {isa = PBXBuildFile; fileRef = "__PBXFileRef_Packages/SwiftMath-1.0.0/Sources/Vector3+simd.swift" /* Vector3+simd.swift */; };
		"__src_cc_ref_Packages/SwiftMath-1.0.0/Sources/Vector3.swift" /* Vector3.swift in Sources */ = {isa = PBXBuildFile; fileRef = "__PBXFileRef_Packages/SwiftMath-1.0.0/Sources/Vector3.swift" /* Vector3.swift */; };
		"__src_cc_ref_Packages/SwiftMath-1.0.0/Sources/Vector4+simd.swift" /* Vector4+simd.swift in Sources */ = {isa = PBXBuildFile; fileRef = "__PBXFileRef_Packages/SwiftMath-1.0.0/Sources/Vector4+simd.swift" /* Vector4+simd.swift */; };
		"__src_cc_ref_Packages/SwiftMath-1.0.0/Sources/Vector4.swift" /* Vector4.swift in Sources */ = {isa = PBXBuildFile; fileRef = "__PBXFileRef_Packages/SwiftMath-1.0.0/Sources/Vector4.swift" /* Vector4.swift */; };
		"__src_cc_ref_Packages/SwiftMath-1.0.0/Sources/easing.swift" /* easing.swift in Sources */ = {isa = PBXBuildFile; fileRef = "__PBXFileRef_Packages/SwiftMath-1.0.0/Sources/easing.swift" /* easing.swift */; };
		"__src_cc_ref_Packages/SwiftMath-1.0.0/Sources/functions.swift" /* functions.swift in Sources */ = {isa = PBXBuildFile; fileRef = "__PBXFileRef_Packages/SwiftMath-1.0.0/Sources/functions.swift" /* functions.swift */; };
		"__src_cc_ref_Packages/SwiftMath-1.0.0/Sources/platform.swift" /* platform.swift in Sources */ = {isa = PBXBuildFile; fileRef = "__PBXFileRef_Packages/SwiftMath-1.0.0/Sources/platform.swift" /* platform.swift */; };
		__src_cc_ref_Sources/Cbgfx/dummy.cpp /* dummy.cpp in Sources */ = {isa = PBXBuildFile; fileRef = __PBXFileRef_Sources/Cbgfx/dummy.cpp /* dummy.cpp */; };
		__src_cc_ref_Sources/SwiftBGFX/Callbacks.swift /* Callbacks.swift in Sources */ = {isa = PBXBuildFile; fileRef = __PBXFileRef_Sources/SwiftBGFX/Callbacks.swift /* Callbacks.swift */; };
		__src_cc_ref_Sources/SwiftBGFX/Capabilities.swift /* Capabilities.swift in Sources */ = {isa = PBXBuildFile; fileRef = __PBXFileRef_Sources/SwiftBGFX/Capabilities.swift /* Capabilities.swift */; };
		__src_cc_ref_Sources/SwiftBGFX/DynamicIndexBuffer.swift /* DynamicIndexBuffer.swift in Sources */ = {isa = PBXBuildFile; fileRef = __PBXFileRef_Sources/SwiftBGFX/DynamicIndexBuffer.swift /* DynamicIndexBuffer.swift */; };
		__src_cc_ref_Sources/SwiftBGFX/DynamicShader.swift /* DynamicShader.swift in Sources */ = {isa = PBXBuildFile; fileRef = __PBXFileRef_Sources/SwiftBGFX/DynamicShader.swift /* DynamicShader.swift */; };
		__src_cc_ref_Sources/SwiftBGFX/DynamicVertexBuffer.swift /* DynamicVertexBuffer.swift in Sources */ = {isa = PBXBuildFile; fileRef = __PBXFileRef_Sources/SwiftBGFX/DynamicVertexBuffer.swift /* DynamicVertexBuffer.swift */; };
		__src_cc_ref_Sources/SwiftBGFX/FrameBuffer.swift /* FrameBuffer.swift in Sources */ = {isa = PBXBuildFile; fileRef = __PBXFileRef_Sources/SwiftBGFX/FrameBuffer.swift /* FrameBuffer.swift */; };
		__src_cc_ref_Sources/SwiftBGFX/IndexBuffer.swift /* IndexBuffer.swift in Sources */ = {isa = PBXBuildFile; fileRef = __PBXFileRef_Sources/SwiftBGFX/IndexBuffer.swift /* IndexBuffer.swift */; };
		__src_cc_ref_Sources/SwiftBGFX/IndirectBuffer.swift /* IndirectBuffer.swift in Sources */ = {isa = PBXBuildFile; fileRef = __PBXFileRef_Sources/SwiftBGFX/IndirectBuffer.swift /* IndirectBuffer.swift */; };
		__src_cc_ref_Sources/SwiftBGFX/InstanceDataBuffer.swift /* InstanceDataBuffer.swift in Sources */ = {isa = PBXBuildFile; fileRef = __PBXFileRef_Sources/SwiftBGFX/InstanceDataBuffer.swift /* InstanceDataBuffer.swift */; };
		__src_cc_ref_Sources/SwiftBGFX/MemoryBlock.swift /* MemoryBlock.swift in Sources */ = {isa = PBXBuildFile; fileRef = __PBXFileRef_Sources/SwiftBGFX/MemoryBlock.swift /* MemoryBlock.swift */; };
		__src_cc_ref_Sources/SwiftBGFX/OcclusionQuery.swift /* OcclusionQuery.swift in Sources */ = {isa = PBXBuildFile; fileRef = __PBXFileRef_Sources/SwiftBGFX/OcclusionQuery.swift /* OcclusionQuery.swift */; };
		__src_cc_ref_Sources/SwiftBGFX/Program.swift /* Program.swift in Sources */ = {isa = PBXBuildFile; fileRef = __PBXFileRef_Sources/SwiftBGFX/Program.swift /* Program.swift */; };
		__src_cc_ref_Sources/SwiftBGFX/RenderState.swift /* RenderState.swift in Sources */ = {isa = PBXBuildFile; fileRef = __PBXFileRef_Sources/SwiftBGFX/RenderState.swift /* RenderState.swift */; };
		__src_cc_ref_Sources/SwiftBGFX/Shader.swift /* Shader.swift in Sources */ = {isa = PBXBuildFile; fileRef = __PBXFileRef_Sources/SwiftBGFX/Shader.swift /* Shader.swift */; };
		__src_cc_ref_Sources/SwiftBGFX/StencilFlags.swift /* StencilFlags.swift in Sources */ = {isa = PBXBuildFile; fileRef = __PBXFileRef_Sources/SwiftBGFX/StencilFlags.swift /* StencilFlags.swift */; };
		"__src_cc_ref_Sources/SwiftBGFX/Texture+Create.swift" /* Texture+Create.swift in Sources */ = {isa = PBXBuildFile; fileRef = "__PBXFileRef_Sources/SwiftBGFX/Texture+Create.swift" /* Texture+Create.swift */; };
		__src_cc_ref_Sources/SwiftBGFX/Texture.swift /* Texture.swift in Sources */ = {isa = PBXBuildFile; fileRef = __PBXFileRef_Sources/SwiftBGFX/Texture.swift /* Texture.swift */; };
		__src_cc_ref_Sources/SwiftBGFX/TextureInfo.swift /* TextureInfo.swift in Sources */ = {isa = PBXBuildFile; fileRef = __PBXFileRef_Sources/SwiftBGFX/TextureInfo.swift /* TextureInfo.swift */; };
		__src_cc_ref_Sources/SwiftBGFX/Timing.swift /* Timing.swift in Sources */ = {isa = PBXBuildFile; fileRef = __PBXFileRef_Sources/SwiftBGFX/Timing.swift /* Timing.swift */; };
		__src_cc_ref_Sources/SwiftBGFX/TransientIndexBuffer.swift /* TransientIndexBuffer.swift in Sources */ = {isa = PBXBuildFile; fileRef = __PBXFileRef_Sources/SwiftBGFX/TransientIndexBuffer.swift /* TransientIndexBuffer.swift */; };
		__src_cc_ref_Sources/SwiftBGFX/TransientVertexBuffer.swift /* TransientVertexBuffer.swift in Sources */ = {isa = PBXBuildFile; fileRef = __PBXFileRef_Sources/SwiftBGFX/TransientVertexBuffer.swift /* TransientVertexBuffer.swift */; };
		__src_cc_ref_Sources/SwiftBGFX/Uniform.swift /* Uniform.swift in Sources */ = {isa = PBXBuildFile; fileRef = __PBXFileRef_Sources/SwiftBGFX/Uniform.swift /* Uniform.swift */; };
		__src_cc_ref_Sources/SwiftBGFX/VertexBuffer.swift /* VertexBuffer.swift in Sources */ = {isa = PBXBuildFile; fileRef = __PBXFileRef_Sources/SwiftBGFX/VertexBuffer.swift /* VertexBuffer.swift */; };
		__src_cc_ref_Sources/SwiftBGFX/VertexLayout.swift /* VertexLayout.swift in Sources */ = {isa = PBXBuildFile; fileRef = __PBXFileRef_Sources/SwiftBGFX/VertexLayout.swift /* VertexLayout.swift */; };
		"__src_cc_ref_Sources/SwiftBGFX/bgfx+native.swift" /* bgfx+native.swift in Sources */ = {isa = PBXBuildFile; fileRef = "__PBXFileRef_Sources/SwiftBGFX/bgfx+native.swift" /* bgfx+native.swift */; };
		"__src_cc_ref_Sources/SwiftBGFX/bgfx+types.swift" /* bgfx+types.swift in Sources */ = {isa = PBXBuildFile; fileRef = "__PBXFileRef_Sources/SwiftBGFX/bgfx+types.swift" /* bgfx+types.swift */; };
		__src_cc_ref_Sources/SwiftBGFX/bgfx.swift /* bgfx.swift in Sources */ = {isa = PBXBuildFile; fileRef = __PBXFileRef_Sources/SwiftBGFX/bgfx.swift /* bgfx.swift */; };
		__src_cc_ref_Sources/SwiftBGFX/debug.swift /* debug.swift in Sources */ = {isa = PBXBuildFile; fileRef = __PBXFileRef_Sources/SwiftBGFX/debug.swift /* debug.swift */; };
		__src_cc_ref_Sources/SwiftBGFX/enums.swift /* enums.swift in Sources */ = {isa = PBXBuildFile; fileRef = __PBXFileRef_Sources/SwiftBGFX/enums.swift /* enums.swift */; };
/* End PBXBuildFile section */

/* Begin PBXContainerItemProxy section */
		054764C91D823F25003DC740 /* PBXContainerItemProxy */ = {
			isa = PBXContainerItemProxy;
			containerPortal = __RootObject_ /* Project object */;
			proxyType = 1;
			remoteGlobalIDString = "______Target_SwiftMath";
			remoteInfo = SwiftMath;
		};
		054764CA1D823F25003DC740 /* PBXContainerItemProxy */ = {
			isa = PBXContainerItemProxy;
			containerPortal = __RootObject_ /* Project object */;
			proxyType = 1;
			remoteGlobalIDString = "______Target_Cbgfx";
			remoteInfo = Cbgfx;
		};
/* End PBXContainerItemProxy section */

/* Begin PBXFileReference section */
		054764CC1D824053003DC740 /* libbgfxRelease.a */ = {isa = PBXFileReference; lastKnownFileType = archive.ar; name = libbgfxRelease.a; path = ../3rdparty/bgfx/.build/osx64_clang/bin/libbgfxRelease.a; sourceTree = "<group>"; };
		054764CF1D8240A4003DC740 /* AppKit.framework */ = {isa = PBXFileReference; lastKnownFileType = wrapper.framework; name = AppKit.framework; path = System/Library/Frameworks/AppKit.framework; sourceTree = SDKROOT; };
		054764D11D826CAC003DC740 /* Metal.framework */ = {isa = PBXFileReference; lastKnownFileType = wrapper.framework; name = Metal.framework; path = System/Library/Frameworks/Metal.framework; sourceTree = SDKROOT; };
		054764D31D826CB5003DC740 /* Quartz.framework */ = {isa = PBXFileReference; lastKnownFileType = wrapper.framework; name = Quartz.framework; path = System/Library/Frameworks/Quartz.framework; sourceTree = SDKROOT; };
		__PBXFileRef_Package.swift /* Package.swift */ = {isa = PBXFileReference; lastKnownFileType = sourcecode.swift; path = Package.swift; sourceTree = "<group>"; };
		"__PBXFileRef_Packages/SwiftMath-1.0.0/Sources/Angle.swift" /* Angle.swift */ = {isa = PBXFileReference; lastKnownFileType = sourcecode.swift; path = Angle.swift; sourceTree = "<group>"; };
		"__PBXFileRef_Packages/SwiftMath-1.0.0/Sources/Matrix4x4+Extensions.swift" /* Matrix4x4+Extensions.swift */ = {isa = PBXFileReference; lastKnownFileType = sourcecode.swift; path = "Matrix4x4+Extensions.swift"; sourceTree = "<group>"; };
		"__PBXFileRef_Packages/SwiftMath-1.0.0/Sources/Matrix4x4+simd.swift" /* Matrix4x4+simd.swift */ = {isa = PBXFileReference; lastKnownFileType = sourcecode.swift; path = "Matrix4x4+simd.swift"; sourceTree = "<group>"; };
		"__PBXFileRef_Packages/SwiftMath-1.0.0/Sources/Matrix4x4.swift" /* Matrix4x4.swift */ = {isa = PBXFileReference; lastKnownFileType = sourcecode.swift; path = Matrix4x4.swift; sourceTree = "<group>"; };
		"__PBXFileRef_Packages/SwiftMath-1.0.0/Sources/Point.swift" /* Point.swift */ = {isa = PBXFileReference; lastKnownFileType = sourcecode.swift; path = Point.swift; sourceTree = "<group>"; };
		"__PBXFileRef_Packages/SwiftMath-1.0.0/Sources/Rect.swift" /* Rect.swift */ = {isa = PBXFileReference; lastKnownFileType = sourcecode.swift; path = Rect.swift; sourceTree = "<group>"; };
		"__PBXFileRef_Packages/SwiftMath-1.0.0/Sources/Vector+swizzle.swift" /* Vector+swizzle.swift */ = {isa = PBXFileReference; lastKnownFileType = sourcecode.swift; path = "Vector+swizzle.swift"; sourceTree = "<group>"; };
		"__PBXFileRef_Packages/SwiftMath-1.0.0/Sources/Vector2+simd.swift" /* Vector2+simd.swift */ = {isa = PBXFileReference; lastKnownFileType = sourcecode.swift; path = "Vector2+simd.swift"; sourceTree = "<group>"; };
		"__PBXFileRef_Packages/SwiftMath-1.0.0/Sources/Vector2.swift" /* Vector2.swift */ = {isa = PBXFileReference; lastKnownFileType = sourcecode.swift; path = Vector2.swift; sourceTree = "<group>"; };
		"__PBXFileRef_Packages/SwiftMath-1.0.0/Sources/Vector3+simd.swift" /* Vector3+simd.swift */ = {isa = PBXFileReference; lastKnownFileType = sourcecode.swift; path = "Vector3+simd.swift"; sourceTree = "<group>"; };
		"__PBXFileRef_Packages/SwiftMath-1.0.0/Sources/Vector3.swift" /* Vector3.swift */ = {isa = PBXFileReference; lastKnownFileType = sourcecode.swift; path = Vector3.swift; sourceTree = "<group>"; };
		"__PBXFileRef_Packages/SwiftMath-1.0.0/Sources/Vector4+simd.swift" /* Vector4+simd.swift */ = {isa = PBXFileReference; lastKnownFileType = sourcecode.swift; path = "Vector4+simd.swift"; sourceTree = "<group>"; };
		"__PBXFileRef_Packages/SwiftMath-1.0.0/Sources/Vector4.swift" /* Vector4.swift */ = {isa = PBXFileReference; lastKnownFileType = sourcecode.swift; path = Vector4.swift; sourceTree = "<group>"; };
		"__PBXFileRef_Packages/SwiftMath-1.0.0/Sources/easing.swift" /* easing.swift */ = {isa = PBXFileReference; lastKnownFileType = sourcecode.swift; path = easing.swift; sourceTree = "<group>"; };
		"__PBXFileRef_Packages/SwiftMath-1.0.0/Sources/functions.swift" /* functions.swift */ = {isa = PBXFileReference; lastKnownFileType = sourcecode.swift; path = functions.swift; sourceTree = "<group>"; };
		"__PBXFileRef_Packages/SwiftMath-1.0.0/Sources/platform.swift" /* platform.swift */ = {isa = PBXFileReference; lastKnownFileType = sourcecode.swift; path = platform.swift; sourceTree = "<group>"; };
		__PBXFileRef_Sources/Cbgfx/dummy.cpp /* dummy.cpp */ = {isa = PBXFileReference; lastKnownFileType = sourcecode.cpp.cpp; path = dummy.cpp; sourceTree = "<group>"; };
		__PBXFileRef_Sources/SwiftBGFX/Callbacks.swift /* Callbacks.swift */ = {isa = PBXFileReference; lastKnownFileType = sourcecode.swift; path = Callbacks.swift; sourceTree = "<group>"; };
		__PBXFileRef_Sources/SwiftBGFX/Capabilities.swift /* Capabilities.swift */ = {isa = PBXFileReference; lastKnownFileType = sourcecode.swift; path = Capabilities.swift; sourceTree = "<group>"; };
		__PBXFileRef_Sources/SwiftBGFX/DynamicIndexBuffer.swift /* DynamicIndexBuffer.swift */ = {isa = PBXFileReference; lastKnownFileType = sourcecode.swift; path = DynamicIndexBuffer.swift; sourceTree = "<group>"; };
		__PBXFileRef_Sources/SwiftBGFX/DynamicShader.swift /* DynamicShader.swift */ = {isa = PBXFileReference; lastKnownFileType = sourcecode.swift; path = DynamicShader.swift; sourceTree = "<group>"; };
		__PBXFileRef_Sources/SwiftBGFX/DynamicVertexBuffer.swift /* DynamicVertexBuffer.swift */ = {isa = PBXFileReference; lastKnownFileType = sourcecode.swift; path = DynamicVertexBuffer.swift; sourceTree = "<group>"; };
		__PBXFileRef_Sources/SwiftBGFX/FrameBuffer.swift /* FrameBuffer.swift */ = {isa = PBXFileReference; lastKnownFileType = sourcecode.swift; path = FrameBuffer.swift; sourceTree = "<group>"; };
		__PBXFileRef_Sources/SwiftBGFX/IndexBuffer.swift /* IndexBuffer.swift */ = {isa = PBXFileReference; lastKnownFileType = sourcecode.swift; path = IndexBuffer.swift; sourceTree = "<group>"; };
		__PBXFileRef_Sources/SwiftBGFX/IndirectBuffer.swift /* IndirectBuffer.swift */ = {isa = PBXFileReference; lastKnownFileType = sourcecode.swift; path = IndirectBuffer.swift; sourceTree = "<group>"; };
		__PBXFileRef_Sources/SwiftBGFX/InstanceDataBuffer.swift /* InstanceDataBuffer.swift */ = {isa = PBXFileReference; lastKnownFileType = sourcecode.swift; path = InstanceDataBuffer.swift; sourceTree = "<group>"; };
		__PBXFileRef_Sources/SwiftBGFX/MemoryBlock.swift /* MemoryBlock.swift */ = {isa = PBXFileReference; lastKnownFileType = sourcecode.swift; path = MemoryBlock.swift; sourceTree = "<group>"; };
		__PBXFileRef_Sources/SwiftBGFX/OcclusionQuery.swift /* OcclusionQuery.swift */ = {isa = PBXFileReference; lastKnownFileType = sourcecode.swift; path = OcclusionQuery.swift; sourceTree = "<group>"; };
		__PBXFileRef_Sources/SwiftBGFX/Program.swift /* Program.swift */ = {isa = PBXFileReference; lastKnownFileType = sourcecode.swift; path = Program.swift; sourceTree = "<group>"; };
		__PBXFileRef_Sources/SwiftBGFX/RenderState.swift /* RenderState.swift */ = {isa = PBXFileReference; lastKnownFileType = sourcecode.swift; path = RenderState.swift; sourceTree = "<group>"; };
		__PBXFileRef_Sources/SwiftBGFX/Shader.swift /* Shader.swift */ = {isa = PBXFileReference; lastKnownFileType = sourcecode.swift; path = Shader.swift; sourceTree = "<group>"; };
		__PBXFileRef_Sources/SwiftBGFX/StencilFlags.swift /* StencilFlags.swift */ = {isa = PBXFileReference; lastKnownFileType = sourcecode.swift; path = StencilFlags.swift; sourceTree = "<group>"; };
		"__PBXFileRef_Sources/SwiftBGFX/Texture+Create.swift" /* Texture+Create.swift */ = {isa = PBXFileReference; lastKnownFileType = sourcecode.swift; path = "Texture+Create.swift"; sourceTree = "<group>"; };
		__PBXFileRef_Sources/SwiftBGFX/Texture.swift /* Texture.swift */ = {isa = PBXFileReference; lastKnownFileType = sourcecode.swift; path = Texture.swift; sourceTree = "<group>"; };
		__PBXFileRef_Sources/SwiftBGFX/TextureInfo.swift /* TextureInfo.swift */ = {isa = PBXFileReference; lastKnownFileType = sourcecode.swift; path = TextureInfo.swift; sourceTree = "<group>"; };
		__PBXFileRef_Sources/SwiftBGFX/Timing.swift /* Timing.swift */ = {isa = PBXFileReference; lastKnownFileType = sourcecode.swift; path = Timing.swift; sourceTree = "<group>"; };
		__PBXFileRef_Sources/SwiftBGFX/TransientIndexBuffer.swift /* TransientIndexBuffer.swift */ = {isa = PBXFileReference; lastKnownFileType = sourcecode.swift; path = TransientIndexBuffer.swift; sourceTree = "<group>"; };
		__PBXFileRef_Sources/SwiftBGFX/TransientVertexBuffer.swift /* TransientVertexBuffer.swift */ = {isa = PBXFileReference; lastKnownFileType = sourcecode.swift; path = TransientVertexBuffer.swift; sourceTree = "<group>"; };
		__PBXFileRef_Sources/SwiftBGFX/Uniform.swift /* Uniform.swift */ = {isa = PBXFileReference; lastKnownFileType = sourcecode.swift; path = Uniform.swift; sourceTree = "<group>"; };
		__PBXFileRef_Sources/SwiftBGFX/VertexBuffer.swift /* VertexBuffer.swift */ = {isa = PBXFileReference; lastKnownFileType = sourcecode.swift; path = VertexBuffer.swift; sourceTree = "<group>"; };
		__PBXFileRef_Sources/SwiftBGFX/VertexLayout.swift /* VertexLayout.swift */ = {isa = PBXFileReference; lastKnownFileType = sourcecode.swift; path = VertexLayout.swift; sourceTree = "<group>"; };
		"__PBXFileRef_Sources/SwiftBGFX/bgfx+native.swift" /* bgfx+native.swift */ = {isa = PBXFileReference; lastKnownFileType = sourcecode.swift; path = "bgfx+native.swift"; sourceTree = "<group>"; };
		"__PBXFileRef_Sources/SwiftBGFX/bgfx+types.swift" /* bgfx+types.swift */ = {isa = PBXFileReference; lastKnownFileType = sourcecode.swift; path = "bgfx+types.swift"; sourceTree = "<group>"; };
		__PBXFileRef_Sources/SwiftBGFX/bgfx.swift /* bgfx.swift */ = {isa = PBXFileReference; lastKnownFileType = sourcecode.swift; path = bgfx.swift; sourceTree = "<group>"; };
		__PBXFileRef_Sources/SwiftBGFX/debug.swift /* debug.swift */ = {isa = PBXFileReference; lastKnownFileType = sourcecode.swift; path = debug.swift; sourceTree = "<group>"; };
		__PBXFileRef_Sources/SwiftBGFX/enums.swift /* enums.swift */ = {isa = PBXFileReference; lastKnownFileType = sourcecode.swift; path = enums.swift; sourceTree = "<group>"; };
		__PBXFileRef_SwiftBGFX.xcodeproj/Configs/Project.xcconfig /* SwiftBGFX.xcodeproj/Configs/Project.xcconfig */ = {isa = PBXFileReference; lastKnownFileType = text.xcconfig; path = SwiftBGFX.xcodeproj/Configs/Project.xcconfig; sourceTree = "<group>"; };
		"_____Product_Cbgfx" /* Cbgfx.framework */ = {isa = PBXFileReference; explicitFileType = wrapper.framework; path = Cbgfx.framework; sourceTree = BUILT_PRODUCTS_DIR; };
		"_____Product_SwiftBGFX" /* SwiftBGFX.framework */ = {isa = PBXFileReference; explicitFileType = wrapper.framework; path = SwiftBGFX.framework; sourceTree = BUILT_PRODUCTS_DIR; };
		"_____Product_SwiftMath" /* SwiftMath.framework */ = {isa = PBXFileReference; explicitFileType = wrapper.framework; path = SwiftMath.framework; sourceTree = BUILT_PRODUCTS_DIR; };
/* End PBXFileReference section */

/* Begin PBXFrameworksBuildPhase section */
		"___LinkPhase_Cbgfx" /* Frameworks */ = {
			isa = PBXFrameworksBuildPhase;
			buildActionMask = 0;
			files = (
				054764D41D826CB5003DC740 /* Quartz.framework in Frameworks */,
				054764D21D826CAC003DC740 /* Metal.framework in Frameworks */,
				054764D01D8240A4003DC740 /* AppKit.framework in Frameworks */,
				054764CE1D824099003DC740 /* libbgfxRelease.a in Frameworks */,
			);
			runOnlyForDeploymentPostprocessing = 0;
		};
		"___LinkPhase_SwiftBGFX" /* Frameworks */ = {
			isa = PBXFrameworksBuildPhase;
			buildActionMask = 0;
			files = (
				_LinkFileRef_SwiftMath_via_SwiftBGFX /* SwiftMath.framework in Frameworks */,
				_LinkFileRef_Cbgfx_via_SwiftBGFX /* Cbgfx.framework in Frameworks */,
			);
			runOnlyForDeploymentPostprocessing = 0;
		};
		"___LinkPhase_SwiftMath" /* Frameworks */ = {
			isa = PBXFrameworksBuildPhase;
			buildActionMask = 0;
			files = (
			);
			runOnlyForDeploymentPostprocessing = 0;
		};
/* End PBXFrameworksBuildPhase section */

/* Begin PBXGroup section */
		054764CB1D824053003DC740 /* Frameworks */ = {
			isa = PBXGroup;
			children = (
				054764D31D826CB5003DC740 /* Quartz.framework */,
				054764D11D826CAC003DC740 /* Metal.framework */,
				054764CF1D8240A4003DC740 /* AppKit.framework */,
				054764CC1D824053003DC740 /* libbgfxRelease.a */,
			);
			name = Frameworks;
			sourceTree = "<group>";
		};
		Dependencies_ /* Dependencies */ = {
			isa = PBXGroup;
			children = (
				"_______Group_SwiftMath" /* SwiftMath */,
			);
			name = Dependencies;
			sourceTree = "<group>";
		};
		"___RootGroup_" = {
			isa = PBXGroup;
			children = (
				__PBXFileRef_Package.swift /* Package.swift */,
				"_____Configs_" /* Configs */,
				"_____Sources_" /* Sources */,
				Dependencies_ /* Dependencies */,
				"____Products_" /* Products */,
				054764CB1D824053003DC740 /* Frameworks */,
			);
			sourceTree = "<group>";
		};
		"____Products_" /* Products */ = {
			isa = PBXGroup;
			children = (
				"_____Product_SwiftMath" /* SwiftMath.framework */,
				"_____Product_Cbgfx" /* Cbgfx.framework */,
				"_____Product_SwiftBGFX" /* SwiftBGFX.framework */,
			);
			name = Products;
			sourceTree = "<group>";
		};
		"_____Configs_" /* Configs */ = {
			isa = PBXGroup;
			children = (
				__PBXFileRef_SwiftBGFX.xcodeproj/Configs/Project.xcconfig /* SwiftBGFX.xcodeproj/Configs/Project.xcconfig */,
			);
			name = Configs;
			sourceTree = "<group>";
		};
		"_____Sources_" /* Sources */ = {
			isa = PBXGroup;
			children = (
				"_______Group_Cbgfx" /* Cbgfx */,
				"_______Group_SwiftBGFX" /* SwiftBGFX */,
			);
			name = Sources;
			sourceTree = "<group>";
		};
		"_______Group_Cbgfx" /* Cbgfx */ = {
			isa = PBXGroup;
			children = (
				__PBXFileRef_Sources/Cbgfx/dummy.cpp /* dummy.cpp */,
			);
			name = Cbgfx;
			path = Sources/Cbgfx;
			sourceTree = "<group>";
		};
		"_______Group_SwiftBGFX" /* SwiftBGFX */ = {
			isa = PBXGroup;
			children = (
				"__PBXFileRef_Sources/SwiftBGFX/bgfx+native.swift" /* bgfx+native.swift */,
				"__PBXFileRef_Sources/SwiftBGFX/bgfx+types.swift" /* bgfx+types.swift */,
				__PBXFileRef_Sources/SwiftBGFX/bgfx.swift /* bgfx.swift */,
				__PBXFileRef_Sources/SwiftBGFX/Callbacks.swift /* Callbacks.swift */,
				__PBXFileRef_Sources/SwiftBGFX/Capabilities.swift /* Capabilities.swift */,
				__PBXFileRef_Sources/SwiftBGFX/debug.swift /* debug.swift */,
				__PBXFileRef_Sources/SwiftBGFX/DynamicIndexBuffer.swift /* DynamicIndexBuffer.swift */,
				__PBXFileRef_Sources/SwiftBGFX/DynamicShader.swift /* DynamicShader.swift */,
				__PBXFileRef_Sources/SwiftBGFX/DynamicVertexBuffer.swift /* DynamicVertexBuffer.swift */,
				__PBXFileRef_Sources/SwiftBGFX/enums.swift /* enums.swift */,
				__PBXFileRef_Sources/SwiftBGFX/FrameBuffer.swift /* FrameBuffer.swift */,
				__PBXFileRef_Sources/SwiftBGFX/IndexBuffer.swift /* IndexBuffer.swift */,
				__PBXFileRef_Sources/SwiftBGFX/IndirectBuffer.swift /* IndirectBuffer.swift */,
				__PBXFileRef_Sources/SwiftBGFX/InstanceDataBuffer.swift /* InstanceDataBuffer.swift */,
				__PBXFileRef_Sources/SwiftBGFX/MemoryBlock.swift /* MemoryBlock.swift */,
				__PBXFileRef_Sources/SwiftBGFX/OcclusionQuery.swift /* OcclusionQuery.swift */,
				__PBXFileRef_Sources/SwiftBGFX/Program.swift /* Program.swift */,
				__PBXFileRef_Sources/SwiftBGFX/RenderState.swift /* RenderState.swift */,
				__PBXFileRef_Sources/SwiftBGFX/Shader.swift /* Shader.swift */,
				__PBXFileRef_Sources/SwiftBGFX/StencilFlags.swift /* StencilFlags.swift */,
				"__PBXFileRef_Sources/SwiftBGFX/Texture+Create.swift" /* Texture+Create.swift */,
				__PBXFileRef_Sources/SwiftBGFX/Texture.swift /* Texture.swift */,
				__PBXFileRef_Sources/SwiftBGFX/TextureInfo.swift /* TextureInfo.swift */,
				__PBXFileRef_Sources/SwiftBGFX/Timing.swift /* Timing.swift */,
				__PBXFileRef_Sources/SwiftBGFX/TransientIndexBuffer.swift /* TransientIndexBuffer.swift */,
				__PBXFileRef_Sources/SwiftBGFX/TransientVertexBuffer.swift /* TransientVertexBuffer.swift */,
				__PBXFileRef_Sources/SwiftBGFX/Uniform.swift /* Uniform.swift */,
				__PBXFileRef_Sources/SwiftBGFX/VertexBuffer.swift /* VertexBuffer.swift */,
				__PBXFileRef_Sources/SwiftBGFX/VertexLayout.swift /* VertexLayout.swift */,
			);
			name = SwiftBGFX;
			path = Sources/SwiftBGFX;
			sourceTree = "<group>";
		};
		"_______Group_SwiftMath" /* SwiftMath */ = {
			isa = PBXGroup;
			children = (
				"__PBXFileRef_Packages/SwiftMath-1.0.0/Sources/Angle.swift" /* Angle.swift */,
				"__PBXFileRef_Packages/SwiftMath-1.0.0/Sources/easing.swift" /* easing.swift */,
				"__PBXFileRef_Packages/SwiftMath-1.0.0/Sources/functions.swift" /* functions.swift */,
				"__PBXFileRef_Packages/SwiftMath-1.0.0/Sources/Matrix4x4+Extensions.swift" /* Matrix4x4+Extensions.swift */,
				"__PBXFileRef_Packages/SwiftMath-1.0.0/Sources/Matrix4x4+simd.swift" /* Matrix4x4+simd.swift */,
				"__PBXFileRef_Packages/SwiftMath-1.0.0/Sources/Matrix4x4.swift" /* Matrix4x4.swift */,
				"__PBXFileRef_Packages/SwiftMath-1.0.0/Sources/platform.swift" /* platform.swift */,
				"__PBXFileRef_Packages/SwiftMath-1.0.0/Sources/Point.swift" /* Point.swift */,
				"__PBXFileRef_Packages/SwiftMath-1.0.0/Sources/Rect.swift" /* Rect.swift */,
				"__PBXFileRef_Packages/SwiftMath-1.0.0/Sources/Vector+swizzle.swift" /* Vector+swizzle.swift */,
				"__PBXFileRef_Packages/SwiftMath-1.0.0/Sources/Vector2+simd.swift" /* Vector2+simd.swift */,
				"__PBXFileRef_Packages/SwiftMath-1.0.0/Sources/Vector2.swift" /* Vector2.swift */,
				"__PBXFileRef_Packages/SwiftMath-1.0.0/Sources/Vector3+simd.swift" /* Vector3+simd.swift */,
				"__PBXFileRef_Packages/SwiftMath-1.0.0/Sources/Vector3.swift" /* Vector3.swift */,
				"__PBXFileRef_Packages/SwiftMath-1.0.0/Sources/Vector4+simd.swift" /* Vector4+simd.swift */,
				"__PBXFileRef_Packages/SwiftMath-1.0.0/Sources/Vector4.swift" /* Vector4.swift */,
			);
			name = SwiftMath;
			path = "Packages/SwiftMath-1.0.0/Sources";
			sourceTree = "<group>";
		};
/* End PBXGroup section */

/* Begin PBXNativeTarget section */
		"______Target_Cbgfx" /* Cbgfx */ = {
			isa = PBXNativeTarget;
			buildConfigurationList = "_______Confs_Cbgfx" /* Build configuration list for PBXNativeTarget "Cbgfx" */;
			buildPhases = (
				CompilePhase_Cbgfx /* Sources */,
				"___LinkPhase_Cbgfx" /* Frameworks */,
			);
			buildRules = (
			);
			dependencies = (
				__Dependency_SwiftMath /* PBXTargetDependency */,
			);
			name = Cbgfx;
			productName = Cbgfx;
			productReference = "_____Product_Cbgfx" /* Cbgfx.framework */;
			productType = "com.apple.product-type.framework";
		};
		"______Target_SwiftBGFX" /* SwiftBGFX */ = {
			isa = PBXNativeTarget;
			buildConfigurationList = "_______Confs_SwiftBGFX" /* Build configuration list for PBXNativeTarget "SwiftBGFX" */;
			buildPhases = (
				CompilePhase_SwiftBGFX /* Sources */,
				"___LinkPhase_SwiftBGFX" /* Frameworks */,
			);
			buildRules = (
			);
			dependencies = (
				__Dependency_SwiftMath /* PBXTargetDependency */,
				__Dependency_Cbgfx /* PBXTargetDependency */,
			);
			name = SwiftBGFX;
			productName = SwiftBGFX;
			productReference = "_____Product_SwiftBGFX" /* SwiftBGFX.framework */;
			productType = "com.apple.product-type.framework";
		};
		"______Target_SwiftMath" /* SwiftMath */ = {
			isa = PBXNativeTarget;
			buildConfigurationList = "_______Confs_SwiftMath" /* Build configuration list for PBXNativeTarget "SwiftMath" */;
			buildPhases = (
				CompilePhase_SwiftMath /* Sources */,
				"___LinkPhase_SwiftMath" /* Frameworks */,
			);
			buildRules = (
			);
			dependencies = (
			);
			name = SwiftMath;
			productName = SwiftMath;
			productReference = "_____Product_SwiftMath" /* SwiftMath.framework */;
			productType = "com.apple.product-type.framework";
		};
/* End PBXNativeTarget section */

/* Begin PBXProject section */
		__RootObject_ /* Project object */ = {
			isa = PBXProject;
			attributes = {
				LastUpgradeCheck = 9999;
			};
			buildConfigurationList = "___RootConfs_" /* Build configuration list for PBXProject "SwiftBGFX" */;
			compatibilityVersion = "Xcode 3.2";
			developmentRegion = English;
			hasScannedForEncodings = 0;
			knownRegions = (
				en,
			);
			mainGroup = "___RootGroup_";
			productRefGroup = "____Products_" /* Products */;
			projectDirPath = "";
			projectRoot = "";
			targets = (
				"______Target_SwiftMath" /* SwiftMath */,
				"______Target_Cbgfx" /* Cbgfx */,
				"______Target_SwiftBGFX" /* SwiftBGFX */,
			);
		};
/* End PBXProject section */

/* Begin PBXSourcesBuildPhase section */
		CompilePhase_Cbgfx /* Sources */ = {
			isa = PBXSourcesBuildPhase;
			buildActionMask = 0;
			files = (
				__src_cc_ref_Sources/Cbgfx/dummy.cpp /* dummy.cpp in Sources */,
			);
			runOnlyForDeploymentPostprocessing = 0;
		};
		CompilePhase_SwiftBGFX /* Sources */ = {
			isa = PBXSourcesBuildPhase;
			buildActionMask = 0;
			files = (
				"__src_cc_ref_Sources/SwiftBGFX/bgfx+native.swift" /* bgfx+native.swift in Sources */,
				"__src_cc_ref_Sources/SwiftBGFX/bgfx+types.swift" /* bgfx+types.swift in Sources */,
				__src_cc_ref_Sources/SwiftBGFX/bgfx.swift /* bgfx.swift in Sources */,
				__src_cc_ref_Sources/SwiftBGFX/Callbacks.swift /* Callbacks.swift in Sources */,
				__src_cc_ref_Sources/SwiftBGFX/Capabilities.swift /* Capabilities.swift in Sources */,
				__src_cc_ref_Sources/SwiftBGFX/debug.swift /* debug.swift in Sources */,
				__src_cc_ref_Sources/SwiftBGFX/DynamicIndexBuffer.swift /* DynamicIndexBuffer.swift in Sources */,
				__src_cc_ref_Sources/SwiftBGFX/DynamicShader.swift /* DynamicShader.swift in Sources */,
				__src_cc_ref_Sources/SwiftBGFX/DynamicVertexBuffer.swift /* DynamicVertexBuffer.swift in Sources */,
				__src_cc_ref_Sources/SwiftBGFX/enums.swift /* enums.swift in Sources */,
				__src_cc_ref_Sources/SwiftBGFX/FrameBuffer.swift /* FrameBuffer.swift in Sources */,
				__src_cc_ref_Sources/SwiftBGFX/IndexBuffer.swift /* IndexBuffer.swift in Sources */,
				__src_cc_ref_Sources/SwiftBGFX/IndirectBuffer.swift /* IndirectBuffer.swift in Sources */,
				__src_cc_ref_Sources/SwiftBGFX/InstanceDataBuffer.swift /* InstanceDataBuffer.swift in Sources */,
				__src_cc_ref_Sources/SwiftBGFX/MemoryBlock.swift /* MemoryBlock.swift in Sources */,
				__src_cc_ref_Sources/SwiftBGFX/OcclusionQuery.swift /* OcclusionQuery.swift in Sources */,
				__src_cc_ref_Sources/SwiftBGFX/Program.swift /* Program.swift in Sources */,
				__src_cc_ref_Sources/SwiftBGFX/RenderState.swift /* RenderState.swift in Sources */,
				__src_cc_ref_Sources/SwiftBGFX/Shader.swift /* Shader.swift in Sources */,
				__src_cc_ref_Sources/SwiftBGFX/StencilFlags.swift /* StencilFlags.swift in Sources */,
				"__src_cc_ref_Sources/SwiftBGFX/Texture+Create.swift" /* Texture+Create.swift in Sources */,
				__src_cc_ref_Sources/SwiftBGFX/Texture.swift /* Texture.swift in Sources */,
				__src_cc_ref_Sources/SwiftBGFX/TextureInfo.swift /* TextureInfo.swift in Sources */,
				__src_cc_ref_Sources/SwiftBGFX/Timing.swift /* Timing.swift in Sources */,
				__src_cc_ref_Sources/SwiftBGFX/TransientIndexBuffer.swift /* TransientIndexBuffer.swift in Sources */,
				__src_cc_ref_Sources/SwiftBGFX/TransientVertexBuffer.swift /* TransientVertexBuffer.swift in Sources */,
				__src_cc_ref_Sources/SwiftBGFX/Uniform.swift /* Uniform.swift in Sources */,
				__src_cc_ref_Sources/SwiftBGFX/VertexBuffer.swift /* VertexBuffer.swift in Sources */,
				__src_cc_ref_Sources/SwiftBGFX/VertexLayout.swift /* VertexLayout.swift in Sources */,
			);
			runOnlyForDeploymentPostprocessing = 0;
		};
		CompilePhase_SwiftMath /* Sources */ = {
			isa = PBXSourcesBuildPhase;
			buildActionMask = 0;
			files = (
				"__src_cc_ref_Packages/SwiftMath-1.0.0/Sources/Angle.swift" /* Angle.swift in Sources */,
				"__src_cc_ref_Packages/SwiftMath-1.0.0/Sources/easing.swift" /* easing.swift in Sources */,
				"__src_cc_ref_Packages/SwiftMath-1.0.0/Sources/functions.swift" /* functions.swift in Sources */,
				"__src_cc_ref_Packages/SwiftMath-1.0.0/Sources/Matrix4x4+Extensions.swift" /* Matrix4x4+Extensions.swift in Sources */,
				"__src_cc_ref_Packages/SwiftMath-1.0.0/Sources/Matrix4x4+simd.swift" /* Matrix4x4+simd.swift in Sources */,
				"__src_cc_ref_Packages/SwiftMath-1.0.0/Sources/Matrix4x4.swift" /* Matrix4x4.swift in Sources */,
				"__src_cc_ref_Packages/SwiftMath-1.0.0/Sources/platform.swift" /* platform.swift in Sources */,
				"__src_cc_ref_Packages/SwiftMath-1.0.0/Sources/Point.swift" /* Point.swift in Sources */,
				"__src_cc_ref_Packages/SwiftMath-1.0.0/Sources/Rect.swift" /* Rect.swift in Sources */,
				"__src_cc_ref_Packages/SwiftMath-1.0.0/Sources/Vector+swizzle.swift" /* Vector+swizzle.swift in Sources */,
				"__src_cc_ref_Packages/SwiftMath-1.0.0/Sources/Vector2+simd.swift" /* Vector2+simd.swift in Sources */,
				"__src_cc_ref_Packages/SwiftMath-1.0.0/Sources/Vector2.swift" /* Vector2.swift in Sources */,
				"__src_cc_ref_Packages/SwiftMath-1.0.0/Sources/Vector3+simd.swift" /* Vector3+simd.swift in Sources */,
				"__src_cc_ref_Packages/SwiftMath-1.0.0/Sources/Vector3.swift" /* Vector3.swift in Sources */,
				"__src_cc_ref_Packages/SwiftMath-1.0.0/Sources/Vector4+simd.swift" /* Vector4+simd.swift in Sources */,
				"__src_cc_ref_Packages/SwiftMath-1.0.0/Sources/Vector4.swift" /* Vector4.swift in Sources */,
			);
			runOnlyForDeploymentPostprocessing = 0;
		};
/* End PBXSourcesBuildPhase section */

/* Begin PBXTargetDependency section */
		__Dependency_Cbgfx /* PBXTargetDependency */ = {
			isa = PBXTargetDependency;
			target = "______Target_Cbgfx" /* Cbgfx */;
			targetProxy = 054764CA1D823F25003DC740 /* PBXContainerItemProxy */;
		};
		__Dependency_SwiftMath /* PBXTargetDependency */ = {
			isa = PBXTargetDependency;
			target = "______Target_SwiftMath" /* SwiftMath */;
			targetProxy = 054764C91D823F25003DC740 /* PBXContainerItemProxy */;
		};
/* End PBXTargetDependency section */

/* Begin XCBuildConfiguration section */
		_ReleaseConf_Cbgfx /* Release */ = {
			isa = XCBuildConfiguration;
			buildSettings = {
				DEFINES_MODULE = YES;
				ENABLE_TESTABILITY = YES;
				FRAMEWORK_SEARCH_PATHS = "$(PLATFORM_DIR)/Developer/Library/Frameworks";
				INFOPLIST_FILE = SwiftBGFX.xcodeproj/Cbgfx_Info.plist;
				LD_RUNPATH_SEARCH_PATHS = "$(TOOLCHAIN_DIR)/usr/lib/swift/macosx";
				MODULEMAP_FILE = SwiftBGFX.xcodeproj/GeneratedModuleMap/Cbgfx/module.modulemap;
				OTHER_LDFLAGS = "$(inherited)";
				OTHER_SWIFT_FLAGS = "$(inherited)";
				PRODUCT_BUNDLE_IDENTIFIER = Cbgfx;
				PRODUCT_MODULE_NAME = "$(TARGET_NAME:c99extidentifier)";
				PRODUCT_NAME = "$(TARGET_NAME:c99extidentifier)";
				SWIFT_VERSION = 3.0;
			};
			name = Release;
		};
		_ReleaseConf_SwiftBGFX /* Release */ = {
			isa = XCBuildConfiguration;
			buildSettings = {
				ENABLE_TESTABILITY = YES;
				FRAMEWORK_SEARCH_PATHS = "$(PLATFORM_DIR)/Developer/Library/Frameworks";
				HEADER_SEARCH_PATHS = /Users/stuartcarnie/projects/macos/bgfx/swift/SwiftBGFX2/Sources/Cbgfx/include;
				INFOPLIST_FILE = SwiftBGFX.xcodeproj/SwiftBGFX_Info.plist;
				LD_RUNPATH_SEARCH_PATHS = "$(TOOLCHAIN_DIR)/usr/lib/swift/macosx";
				OTHER_LDFLAGS = "$(inherited)";
				OTHER_SWIFT_FLAGS = "$(inherited)";
				PRODUCT_BUNDLE_IDENTIFIER = SwiftBGFX;
				PRODUCT_MODULE_NAME = "$(TARGET_NAME:c99extidentifier)";
				PRODUCT_NAME = "$(TARGET_NAME:c99extidentifier)";
				SWIFT_VERSION = 3.0;
			};
			name = Release;
		};
		_ReleaseConf_SwiftMath /* Release */ = {
			isa = XCBuildConfiguration;
			buildSettings = {
				ENABLE_TESTABILITY = YES;
				FRAMEWORK_SEARCH_PATHS = "$(PLATFORM_DIR)/Developer/Library/Frameworks";
				INFOPLIST_FILE = SwiftBGFX.xcodeproj/SwiftMath_Info.plist;
				LD_RUNPATH_SEARCH_PATHS = "$(TOOLCHAIN_DIR)/usr/lib/swift/macosx";
				OTHER_LDFLAGS = "$(inherited)";
				OTHER_SWIFT_FLAGS = "$(inherited)";
				PRODUCT_BUNDLE_IDENTIFIER = SwiftMath;
				PRODUCT_MODULE_NAME = "$(TARGET_NAME:c99extidentifier)";
				PRODUCT_NAME = "$(TARGET_NAME:c99extidentifier)";
				SWIFT_VERSION = 3.0;
			};
			name = Release;
		};
		"___DebugConf_Cbgfx" /* Debug */ = {
			isa = XCBuildConfiguration;
			buildSettings = {
				DEFINES_MODULE = YES;
				ENABLE_TESTABILITY = YES;
				FRAMEWORK_SEARCH_PATHS = "$(PLATFORM_DIR)/Developer/Library/Frameworks";
				INFOPLIST_FILE = SwiftBGFX.xcodeproj/Cbgfx_Info.plist;
				LD_RUNPATH_SEARCH_PATHS = "$(TOOLCHAIN_DIR)/usr/lib/swift/macosx";
				MODULEMAP_FILE = SwiftBGFX.xcodeproj/GeneratedModuleMap/Cbgfx/module.modulemap;
				OTHER_LDFLAGS = "$(inherited)";
				OTHER_SWIFT_FLAGS = "$(inherited)";
				PRODUCT_BUNDLE_IDENTIFIER = Cbgfx;
				PRODUCT_MODULE_NAME = "$(TARGET_NAME:c99extidentifier)";
				PRODUCT_NAME = "$(TARGET_NAME:c99extidentifier)";
				SWIFT_OPTIMIZATION_LEVEL = "-Onone";
				SWIFT_VERSION = 3.0;
			};
			name = Debug;
		};
		"___DebugConf_SwiftBGFX" /* Debug */ = {
			isa = XCBuildConfiguration;
			buildSettings = {
				ENABLE_TESTABILITY = YES;
				FRAMEWORK_SEARCH_PATHS = "$(PLATFORM_DIR)/Developer/Library/Frameworks";
				HEADER_SEARCH_PATHS = /Users/stuartcarnie/projects/macos/bgfx/swift/SwiftBGFX2/Sources/Cbgfx/include;
				INFOPLIST_FILE = SwiftBGFX.xcodeproj/SwiftBGFX_Info.plist;
				LD_RUNPATH_SEARCH_PATHS = "$(TOOLCHAIN_DIR)/usr/lib/swift/macosx";
				OTHER_LDFLAGS = "$(inherited)";
				OTHER_SWIFT_FLAGS = "$(inherited)";
				PRODUCT_BUNDLE_IDENTIFIER = SwiftBGFX;
				PRODUCT_MODULE_NAME = "$(TARGET_NAME:c99extidentifier)";
				PRODUCT_NAME = "$(TARGET_NAME:c99extidentifier)";
				SWIFT_OPTIMIZATION_LEVEL = "-Onone";
				SWIFT_VERSION = 3.0;
			};
			name = Debug;
		};
		"___DebugConf_SwiftMath" /* Debug */ = {
			isa = XCBuildConfiguration;
			buildSettings = {
				ENABLE_TESTABILITY = YES;
				FRAMEWORK_SEARCH_PATHS = "$(PLATFORM_DIR)/Developer/Library/Frameworks";
				INFOPLIST_FILE = SwiftBGFX.xcodeproj/SwiftMath_Info.plist;
				LD_RUNPATH_SEARCH_PATHS = "$(TOOLCHAIN_DIR)/usr/lib/swift/macosx";
				OTHER_LDFLAGS = "$(inherited)";
				OTHER_SWIFT_FLAGS = "$(inherited)";
				PRODUCT_BUNDLE_IDENTIFIER = SwiftMath;
				PRODUCT_MODULE_NAME = "$(TARGET_NAME:c99extidentifier)";
				PRODUCT_NAME = "$(TARGET_NAME:c99extidentifier)";
				SWIFT_OPTIMIZATION_LEVEL = "-Onone";
				SWIFT_VERSION = 3.0;
			};
			name = Debug;
		};
		"_____Release_" /* Release */ = {
			isa = XCBuildConfiguration;
			baseConfigurationReference = __PBXFileRef_SwiftBGFX.xcodeproj/Configs/Project.xcconfig /* SwiftBGFX.xcodeproj/Configs/Project.xcconfig */;
			buildSettings = {
			};
			name = Release;
		};
		"_______Debug_" /* Debug */ = {
			isa = XCBuildConfiguration;
			baseConfigurationReference = __PBXFileRef_SwiftBGFX.xcodeproj/Configs/Project.xcconfig /* SwiftBGFX.xcodeproj/Configs/Project.xcconfig */;
			buildSettings = {
			};
			name = Debug;
		};
/* End XCBuildConfiguration section */

/* Begin XCConfigurationList section */
		"___RootConfs_" /* Build configuration list for PBXProject "SwiftBGFX" */ = {
			isa = XCConfigurationList;
			buildConfigurations = (
				"_______Debug_" /* Debug */,
				"_____Release_" /* Release */,
			);
			defaultConfigurationIsVisible = 0;
			defaultConfigurationName = Debug;
		};
		"_______Confs_Cbgfx" /* Build configuration list for PBXNativeTarget "Cbgfx" */ = {
			isa = XCConfigurationList;
			buildConfigurations = (
				"___DebugConf_Cbgfx" /* Debug */,
				_ReleaseConf_Cbgfx /* Release */,
			);
			defaultConfigurationIsVisible = 0;
			defaultConfigurationName = Debug;
		};
		"_______Confs_SwiftBGFX" /* Build configuration list for PBXNativeTarget "SwiftBGFX" */ = {
			isa = XCConfigurationList;
			buildConfigurations = (
				"___DebugConf_SwiftBGFX" /* Debug */,
				_ReleaseConf_SwiftBGFX /* Release */,
			);
			defaultConfigurationIsVisible = 0;
			defaultConfigurationName = Debug;
		};
		"_______Confs_SwiftMath" /* Build configuration list for PBXNativeTarget "SwiftMath" */ = {
			isa = XCConfigurationList;
			buildConfigurations = (
				"___DebugConf_SwiftMath" /* Debug */,
				_ReleaseConf_SwiftMath /* Release */,
			);
			defaultConfigurationIsVisible = 0;
			defaultConfigurationName = Debug;
		};
/* End XCConfigurationList section */
	};
	rootObject = __RootObject_ /* Project object */;
}
